// !$*UTF8*$!
{
	archiveVersion = 1;
	classes = {
	};
	objectVersion = 46;
	objects = {

/* Begin PBXBuildFile section */
		19B0EFF0AB199E5D35BCAF03 /* IPConstants.m in Sources */ = {isa = PBXBuildFile; fileRef = 19B0E5383B2158E1CFBCD09D /* IPConstants.m */; };
		1A4031E33B5636FC7A01963C /* H264.m in Sources */ = {isa = PBXBuildFile; fileRef = 1540BA0F2C3F453A62DE3588 /* H264.m */; };
		278A2FB813A16F13F2A6A14B /* Files.m in Sources */ = {isa = PBXBuildFile; fileRef = B825A950A2CE52ED4742DAC3 /* Files.m */; };
		3244F3561ABA97F300BE6EEA /* FeedDetailsHeaderView.m in Sources */ = {isa = PBXBuildFile; fileRef = 3244F3551ABA97F300BE6EEA /* FeedDetailsHeaderView.m */; };
		3246E6EF1AB7D49500F5DFC2 /* SingleHighlightedFeedView.xib in Resources */ = {isa = PBXBuildFile; fileRef = 3246E6EE1AB7D49500F5DFC2 /* SingleHighlightedFeedView.xib */; };
		3246E6F21AB7D85A00F5DFC2 /* SingleHighlightedFeedView.m in Sources */ = {isa = PBXBuildFile; fileRef = 3246E6F11AB7D85A00F5DFC2 /* SingleHighlightedFeedView.m */; };
		3246E6F91AB8A27B00F5DFC2 /* CircularStd-Black.otf in Resources */ = {isa = PBXBuildFile; fileRef = 3246E6F51AB8A1CD00F5DFC2 /* CircularStd-Black.otf */; };
		3246E6FA1AB8A27B00F5DFC2 /* CircularStd-Bold.otf in Resources */ = {isa = PBXBuildFile; fileRef = 3246E6F61AB8A1CD00F5DFC2 /* CircularStd-Bold.otf */; };
		3246E6FB1AB8A27B00F5DFC2 /* CircularStd-Book.otf in Resources */ = {isa = PBXBuildFile; fileRef = 3246E6F71AB8A1CD00F5DFC2 /* CircularStd-Book.otf */; };
		3246E6FC1AB8A27B00F5DFC2 /* CircularStd-Medium.otf in Resources */ = {isa = PBXBuildFile; fileRef = 3246E6F81AB8A1CD00F5DFC2 /* CircularStd-Medium.otf */; };
		325243F81AB7A58900757638 /* ImageToWebPDataTransformer.m in Sources */ = {isa = PBXBuildFile; fileRef = 325243F51AB7A58900757638 /* ImageToWebPDataTransformer.m */; };
		325243F91AB7A58900757638 /* UIImage+WebP.m in Sources */ = {isa = PBXBuildFile; fileRef = 325243F71AB7A58900757638 /* UIImage+WebP.m */; };
		325243FB1AB7A5A700757638 /* WebP.framework in Frameworks */ = {isa = PBXBuildFile; fileRef = 325243FA1AB7A5A700757638 /* WebP.framework */; };
		327D8EAE1ABAA0240013477E /* FeedDetailsCell.m in Sources */ = {isa = PBXBuildFile; fileRef = 327D8EAC1ABAA0240013477E /* FeedDetailsCell.m */; };
		327D8EB01ABAAA100013477E /* FeedDetailsCell.xib in Resources */ = {isa = PBXBuildFile; fileRef = 327D8EAD1ABAA0240013477E /* FeedDetailsCell.xib */; };
		329F00311AA81B180089C0E2 /* main.m in Sources */ = {isa = PBXBuildFile; fileRef = 329F00301AA81B180089C0E2 /* main.m */; };
		329F00341AA81B180089C0E2 /* AppDelegate.m in Sources */ = {isa = PBXBuildFile; fileRef = 329F00331AA81B180089C0E2 /* AppDelegate.m */; };
		329F003C1AA81B180089C0E2 /* Images.xcassets in Resources */ = {isa = PBXBuildFile; fileRef = 329F003B1AA81B180089C0E2 /* Images.xcassets */; };
		329F004B1AA81B180089C0E2 /* InneractTests.m in Sources */ = {isa = PBXBuildFile; fileRef = 329F004A1AA81B180089C0E2 /* InneractTests.m */; };
		329F005C1AA81E550089C0E2 /* ProfilesViewController.m in Sources */ = {isa = PBXBuildFile; fileRef = 329F005A1AA81E550089C0E2 /* ProfilesViewController.m */; };
		329F005D1AA81E550089C0E2 /* ProfilesViewController.xib in Resources */ = {isa = PBXBuildFile; fileRef = 329F005B1AA81E550089C0E2 /* ProfilesViewController.xib */; };
		329F00661AA81EC90089C0E2 /* LandingViewController.m in Sources */ = {isa = PBXBuildFile; fileRef = 329F00641AA81EC90089C0E2 /* LandingViewController.m */; };
		329F00671AA81EC90089C0E2 /* LandingViewController.xib in Resources */ = {isa = PBXBuildFile; fileRef = 329F00651AA81EC90089C0E2 /* LandingViewController.xib */; };
		329F006B1AA81ED90089C0E2 /* ProfileDetailsViewController.m in Sources */ = {isa = PBXBuildFile; fileRef = 329F00691AA81ED90089C0E2 /* ProfileDetailsViewController.m */; };
		329F006C1AA81ED90089C0E2 /* ProfileDetailsViewController.xib in Resources */ = {isa = PBXBuildFile; fileRef = 329F006A1AA81ED90089C0E2 /* ProfileDetailsViewController.xib */; };
		329F00751AA81F0F0089C0E2 /* JoinUsViewController.m in Sources */ = {isa = PBXBuildFile; fileRef = 329F00731AA81F0F0089C0E2 /* JoinUsViewController.m */; };
		329F00761AA81F0F0089C0E2 /* JoinUsViewController.xib in Resources */ = {isa = PBXBuildFile; fileRef = 329F00741AA81F0F0089C0E2 /* JoinUsViewController.xib */; };
		329F007F1AA820300089C0E2 /* RegisterClassViewController.m in Sources */ = {isa = PBXBuildFile; fileRef = 329F007D1AA820300089C0E2 /* RegisterClassViewController.m */; };
		329F00801AA820300089C0E2 /* RegisterClassViewController.xib in Resources */ = {isa = PBXBuildFile; fileRef = 329F007E1AA820300089C0E2 /* RegisterClassViewController.xib */; };
		329F00841AA820650089C0E2 /* LearningLabViewController.m in Sources */ = {isa = PBXBuildFile; fileRef = 329F00821AA820650089C0E2 /* LearningLabViewController.m */; };
		329F00851AA820650089C0E2 /* LearningLabViewController.xib in Resources */ = {isa = PBXBuildFile; fileRef = 329F00831AA820650089C0E2 /* LearningLabViewController.xib */; };
		329F00891AA8207F0089C0E2 /* TeachOrTAViewController.m in Sources */ = {isa = PBXBuildFile; fileRef = 329F00871AA8207F0089C0E2 /* TeachOrTAViewController.m */; };
		329F008A1AA8207F0089C0E2 /* TeachOrTAViewController.xib in Resources */ = {isa = PBXBuildFile; fileRef = 329F00881AA8207F0089C0E2 /* TeachOrTAViewController.xib */; };
		329F008E1AA8DC3C0089C0E2 /* EditProfileViewController.m in Sources */ = {isa = PBXBuildFile; fileRef = 329F008C1AA8DC3C0089C0E2 /* EditProfileViewController.m */; };
		329F008F1AA8DC3C0089C0E2 /* EditProfileViewController.xib in Resources */ = {isa = PBXBuildFile; fileRef = 329F008D1AA8DC3C0089C0E2 /* EditProfileViewController.xib */; };
		32C439791AAA19550011FEA0 /* FeedCell.m in Sources */ = {isa = PBXBuildFile; fileRef = 32C439771AAA19550011FEA0 /* FeedCell.m */; };
		32C4397A1AAA19550011FEA0 /* FeedCell.xib in Resources */ = {isa = PBXBuildFile; fileRef = 32C439781AAA19550011FEA0 /* FeedCell.xib */; };
		32C8EAEE1AB69A0B008CC10D /* UIImageView+IP.m in Sources */ = {isa = PBXBuildFile; fileRef = 32C8EAED1AB69A0B008CC10D /* UIImageView+IP.m */; };
		32D552381AB5182200250219 /* NSString+HTML.m in Sources */ = {isa = PBXBuildFile; fileRef = 32D552371AB5182200250219 /* NSString+HTML.m */; };
		32D5523B1AB5184300250219 /* NSMutableString+HTML.m in Sources */ = {isa = PBXBuildFile; fileRef = 32D5523A1AB5184300250219 /* NSMutableString+HTML.m */; };
		32FF1C6D1AB6490B00238E19 /* HighlightedFeedsView.m in Sources */ = {isa = PBXBuildFile; fileRef = 32FF1C6C1AB6490B00238E19 /* HighlightedFeedsView.m */; };
		32FF1C751AB65B9B00238E19 /* HighlightedFeedsView.xib in Resources */ = {isa = PBXBuildFile; fileRef = 32FF1C741AB65B9B00238E19 /* HighlightedFeedsView.xib */; };
		330650C0FD537DC8C72C62E9 /* FeedDetailsHeaderView.xib in Resources */ = {isa = PBXBuildFile; fileRef = 330652B7E632979E9D9B0AEC /* FeedDetailsHeaderView.xib */; };
		3306560C3D6F9F462FE636A2 /* FeedDetailsViewController.m in Sources */ = {isa = PBXBuildFile; fileRef = 330651719605A51AB3D91F51 /* FeedDetailsViewController.m */; };
		3306568A9ABB77106F2E7150 /* FeedsViewController.m in Sources */ = {isa = PBXBuildFile; fileRef = 3306545DC4732F14585ECAAC /* FeedsViewController.m */; };
		330657D3A4F5CBF47983D041 /* FeedDetailsViewController.xib in Resources */ = {isa = PBXBuildFile; fileRef = 3306541FA360D8CCB347F2B8 /* FeedDetailsViewController.xib */; };
		33065BC08738FAD577A914CB /* FeedsViewController.xib in Resources */ = {isa = PBXBuildFile; fileRef = 330656776BEB2AF56D2540BB /* FeedsViewController.xib */; };
		33065EAFB6D45024FCC40393 /* Helper.m in Sources */ = {isa = PBXBuildFile; fileRef = 33065CDAFD2FE9A5F6C42180 /* Helper.m */; };
		33065FEB1301227C2B1D8711 /* LaunchScreen.xib in Resources */ = {isa = PBXBuildFile; fileRef = 33065CB10BD641D546420524 /* LaunchScreen.xib */; };
		382FFD251AB935DD00FE51D0 /* BasicInfoCell.m in Sources */ = {isa = PBXBuildFile; fileRef = 382FFD231AB935DD00FE51D0 /* BasicInfoCell.m */; };
		382FFD261AB935DD00FE51D0 /* BasicInfoCell.xib in Resources */ = {isa = PBXBuildFile; fileRef = 382FFD241AB935DD00FE51D0 /* BasicInfoCell.xib */; };
		382FFD2A1AB93CC300FE51D0 /* BadgesCell.m in Sources */ = {isa = PBXBuildFile; fileRef = 382FFD281AB93CC300FE51D0 /* BadgesCell.m */; };
		382FFD2B1AB93CC300FE51D0 /* BadgesCell.xib in Resources */ = {isa = PBXBuildFile; fileRef = 382FFD291AB93CC300FE51D0 /* BadgesCell.xib */; };
		382FFD301AB9522300FE51D0 /* ActivityCell.m in Sources */ = {isa = PBXBuildFile; fileRef = 382FFD2E1AB9522300FE51D0 /* ActivityCell.m */; };
		382FFD311AB9522300FE51D0 /* ActivityCell.xib in Resources */ = {isa = PBXBuildFile; fileRef = 382FFD2F1AB9522300FE51D0 /* ActivityCell.xib */; };
		382FFD3F1ABB782300FE51D0 /* IPEventTracker.m in Sources */ = {isa = PBXBuildFile; fileRef = 382FFD3E1ABB782300FE51D0 /* IPEventTracker.m */; };
		382FFD411ABCA04800FE51D0 /* ajax_handler.js in Resources */ = {isa = PBXBuildFile; fileRef = 382FFD401ABCA04800FE51D0 /* ajax_handler.js */; };
		382FFD4A1ABCA36400FE51D0 /* IPWebViewController.m in Sources */ = {isa = PBXBuildFile; fileRef = 382FFD481ABCA36400FE51D0 /* IPWebViewController.m */; };
		382FFD4B1ABCA36400FE51D0 /* IPWebViewController.xib in Resources */ = {isa = PBXBuildFile; fileRef = 382FFD491ABCA36400FE51D0 /* IPWebViewController.xib */; };
		3864F4981ABF84BC002E7934 /* IPSocialActionView.m in Sources */ = {isa = PBXBuildFile; fileRef = 3864F4971ABF84BC002E7934 /* IPSocialActionView.m */; };
		3864F49A1ABF84D0002E7934 /* IPSocialActionView.xib in Resources */ = {isa = PBXBuildFile; fileRef = 3864F4991ABF84D0002E7934 /* IPSocialActionView.xib */; };
		3864F4A01ABFE6E2002E7934 /* TPKeyboardAvoidingScrollView.m in Sources */ = {isa = PBXBuildFile; fileRef = 3864F49D1ABFE6E2002E7934 /* TPKeyboardAvoidingScrollView.m */; };
		3864F4A11ABFE6E2002E7934 /* UIScrollView+TPKeyboardAvoidingAdditions.m in Sources */ = {isa = PBXBuildFile; fileRef = 3864F49F1ABFE6E2002E7934 /* UIScrollView+TPKeyboardAvoidingAdditions.m */; };
		387EB76C1AB5547200EDD7A0 /* IPColorManager.m in Sources */ = {isa = PBXBuildFile; fileRef = 387EB76B1AB5547200EDD7A0 /* IPColorManager.m */; };
		38973B381AA9791B00FE3707 /* IntroductionContainerView.m in Sources */ = {isa = PBXBuildFile; fileRef = 38973B371AA9791B00FE3707 /* IntroductionContainerView.m */; };
		38973B3A1AA9793A00FE3707 /* IntroductionContainerView.xib in Resources */ = {isa = PBXBuildFile; fileRef = 38973B391AA9793A00FE3707 /* IntroductionContainerView.xib */; };
		38973B3D1AA97C6500FE3707 /* FirstIntroductionView.m in Sources */ = {isa = PBXBuildFile; fileRef = 38973B3C1AA97C6500FE3707 /* FirstIntroductionView.m */; };
		38973B3F1AA97C7900FE3707 /* FirstIntroductionView.xib in Resources */ = {isa = PBXBuildFile; fileRef = 38973B3E1AA97C7900FE3707 /* FirstIntroductionView.xib */; };
		38973B421AA97EB600FE3707 /* SecondIntroductionView.m in Sources */ = {isa = PBXBuildFile; fileRef = 38973B411AA97EB600FE3707 /* SecondIntroductionView.m */; };
		38973B441AA97EC800FE3707 /* SecondIntroductionView.xib in Resources */ = {isa = PBXBuildFile; fileRef = 38973B431AA97EC800FE3707 /* SecondIntroductionView.xib */; };
		38973B471AA9802000FE3707 /* ThirdIntroductionView.m in Sources */ = {isa = PBXBuildFile; fileRef = 38973B461AA9802000FE3707 /* ThirdIntroductionView.m */; };
		38973B491AA9803100FE3707 /* ThirdIntroductionView.xib in Resources */ = {isa = PBXBuildFile; fileRef = 38973B481AA9803100FE3707 /* ThirdIntroductionView.xib */; };
		38DAAE201AAC215300930AFE /* MainViewHelper.m in Sources */ = {isa = PBXBuildFile; fileRef = 38DAAE1F1AAC215300930AFE /* MainViewHelper.m */; };
		38DAAE381AAC349600930AFE /* IPShareManager.m in Sources */ = {isa = PBXBuildFile; fileRef = 38DAAE371AAC349600930AFE /* IPShareManager.m */; };
		38DAAE3F1AAD714100930AFE /* PeopleCell.m in Sources */ = {isa = PBXBuildFile; fileRef = 38DAAE3D1AAD714100930AFE /* PeopleCell.m */; };
		38DAAE401AAD714100930AFE /* PeopleCell.xib in Resources */ = {isa = PBXBuildFile; fileRef = 38DAAE3E1AAD714100930AFE /* PeopleCell.xib */; };
		3D0358B6DDBD9E8855AB210F /* Video.m in Sources */ = {isa = PBXBuildFile; fileRef = DC1FC79B91D1F524D009FF51 /* Video.m */; };
		4A3C9DC8EBBFA15EFF92D570 /* Request.m in Sources */ = {isa = PBXBuildFile; fileRef = E0DDE9BB80B790EB312CA703 /* Request.m */; };
		55DC7EF816D4A88069AEE296 /* libPods.a in Frameworks */ = {isa = PBXBuildFile; fileRef = F3A086406A431B260C1E9CB0 /* libPods.a */; };
		5A66AD259D313321DE36B1FE /* VimeoVideoConfigResult.m in Sources */ = {isa = PBXBuildFile; fileRef = 4E6532918FC5344A8EF172D0 /* VimeoVideoConfigResult.m */; };
		87121E43249CE5D381442993 /* Sd.m in Sources */ = {isa = PBXBuildFile; fileRef = 77865D79E4B3AB0A5EBE65A2 /* Sd.m */; };
		90FF6AAB4ED575785E5E02AF /* Hls.m in Sources */ = {isa = PBXBuildFile; fileRef = BD3FF86E3CCD530491A7B567 /* Hls.m */; };
		C60561EFFF48E508EC4BCE10 /* Thumbs.m in Sources */ = {isa = PBXBuildFile; fileRef = 1E59FC5B605337A70CC2A5E6 /* Thumbs.m */; };
		D34B25A6117F0BB908C3E590 /* Hd.m in Sources */ = {isa = PBXBuildFile; fileRef = 5C27AC052F8D036B4BB4B9FC /* Hd.m */; };
		F0EE7A20A61A9501D5F8F1EA /* VimeoController.m in Sources */ = {isa = PBXBuildFile; fileRef = 802427BF540A979B7F0BD3ED /* VimeoController.m */; };
		FACFAB661AAA5B9C003D874F /* LoginViewController.m in Sources */ = {isa = PBXBuildFile; fileRef = FACFAB641AAA5B9C003D874F /* LoginViewController.m */; };
		FACFAB671AAA5B9C003D874F /* LoginViewController.xib in Resources */ = {isa = PBXBuildFile; fileRef = FACFAB651AAA5B9C003D874F /* LoginViewController.xib */; };
		FADAEF641AAE44870098E030 /* arrow.png in Resources */ = {isa = PBXBuildFile; fileRef = FADAEF601AAE44870098E030 /* arrow.png */; };
		FADAEF651AAE44870098E030 /* ComboBox.m in Sources */ = {isa = PBXBuildFile; fileRef = FADAEF621AAE44870098E030 /* ComboBox.m */; };
		FADAEF661AAE44870098E030 /* ComboBox.xib in Resources */ = {isa = PBXBuildFile; fileRef = FADAEF631AAE44870098E030 /* ComboBox.xib */; };
		FADAEF691AB42A7D0098E030 /* NIDropDown.m in Sources */ = {isa = PBXBuildFile; fileRef = FADAEF681AB42A7D0098E030 /* NIDropDown.m */; };
/* End PBXBuildFile section */

/* Begin PBXContainerItemProxy section */
		329F00451AA81B180089C0E2 /* PBXContainerItemProxy */ = {
			isa = PBXContainerItemProxy;
			containerPortal = 329F00231AA81B180089C0E2 /* Project object */;
			proxyType = 1;
			remoteGlobalIDString = 329F002A1AA81B180089C0E2;
			remoteInfo = Inneract;
		};
/* End PBXContainerItemProxy section */

/* Begin PBXFileReference section */
		1540BA0F2C3F453A62DE3588 /* H264.m */ = {isa = PBXFileReference; fileEncoding = 4; lastKnownFileType = sourcecode.c.objc; path = H264.m; sourceTree = "<group>"; };
		19B0E2450AED1E527473ABAC /* IPFeedDelegate.h */ = {isa = PBXFileReference; fileEncoding = 4; lastKnownFileType = sourcecode.c.h; path = IPFeedDelegate.h; sourceTree = "<group>"; };
		19B0E5383B2158E1CFBCD09D /* IPConstants.m */ = {isa = PBXFileReference; fileEncoding = 4; lastKnownFileType = sourcecode.c.objc; path = IPConstants.m; sourceTree = "<group>"; };
		19B0EFBDFD8A86B8B420B7A9 /* IPConstants.h */ = {isa = PBXFileReference; fileEncoding = 4; lastKnownFileType = sourcecode.c.h; path = IPConstants.h; sourceTree = "<group>"; };
		1D7A76274F71555DC16C65D0 /* VimeoVideoConfigResult.h */ = {isa = PBXFileReference; fileEncoding = 4; lastKnownFileType = sourcecode.c.h; path = VimeoVideoConfigResult.h; sourceTree = "<group>"; };
		1E59FC5B605337A70CC2A5E6 /* Thumbs.m */ = {isa = PBXFileReference; fileEncoding = 4; lastKnownFileType = sourcecode.c.objc; path = Thumbs.m; sourceTree = "<group>"; };
		27C9C7D67581C26E39638452 /* Request.h */ = {isa = PBXFileReference; fileEncoding = 4; lastKnownFileType = sourcecode.c.h; path = Request.h; sourceTree = "<group>"; };
		3244F3541ABA97F300BE6EEA /* FeedDetailsHeaderView.h */ = {isa = PBXFileReference; fileEncoding = 4; lastKnownFileType = sourcecode.c.h; path = FeedDetailsHeaderView.h; sourceTree = "<group>"; };
		3244F3551ABA97F300BE6EEA /* FeedDetailsHeaderView.m */ = {isa = PBXFileReference; fileEncoding = 4; lastKnownFileType = sourcecode.c.objc; path = FeedDetailsHeaderView.m; sourceTree = "<group>"; };
		3246E6EE1AB7D49500F5DFC2 /* SingleHighlightedFeedView.xib */ = {isa = PBXFileReference; fileEncoding = 4; lastKnownFileType = file.xib; path = SingleHighlightedFeedView.xib; sourceTree = "<group>"; };
		3246E6F01AB7D85A00F5DFC2 /* SingleHighlightedFeedView.h */ = {isa = PBXFileReference; fileEncoding = 4; lastKnownFileType = sourcecode.c.h; path = SingleHighlightedFeedView.h; sourceTree = "<group>"; };
		3246E6F11AB7D85A00F5DFC2 /* SingleHighlightedFeedView.m */ = {isa = PBXFileReference; fileEncoding = 4; lastKnownFileType = sourcecode.c.objc; path = SingleHighlightedFeedView.m; sourceTree = "<group>"; };
		3246E6F51AB8A1CD00F5DFC2 /* CircularStd-Black.otf */ = {isa = PBXFileReference; lastKnownFileType = file; path = "CircularStd-Black.otf"; sourceTree = "<group>"; };
		3246E6F61AB8A1CD00F5DFC2 /* CircularStd-Bold.otf */ = {isa = PBXFileReference; lastKnownFileType = file; path = "CircularStd-Bold.otf"; sourceTree = "<group>"; };
		3246E6F71AB8A1CD00F5DFC2 /* CircularStd-Book.otf */ = {isa = PBXFileReference; lastKnownFileType = file; path = "CircularStd-Book.otf"; sourceTree = "<group>"; };
		3246E6F81AB8A1CD00F5DFC2 /* CircularStd-Medium.otf */ = {isa = PBXFileReference; lastKnownFileType = file; path = "CircularStd-Medium.otf"; sourceTree = "<group>"; };
		325243F41AB7A58900757638 /* ImageToWebPDataTransformer.h */ = {isa = PBXFileReference; fileEncoding = 4; lastKnownFileType = sourcecode.c.h; name = ImageToWebPDataTransformer.h; path = "WebP-UIImage/Classes/ImageToWebPDataTransformer.h"; sourceTree = "<group>"; };
		325243F51AB7A58900757638 /* ImageToWebPDataTransformer.m */ = {isa = PBXFileReference; fileEncoding = 4; lastKnownFileType = sourcecode.c.objc; name = ImageToWebPDataTransformer.m; path = "WebP-UIImage/Classes/ImageToWebPDataTransformer.m"; sourceTree = "<group>"; };
		325243F61AB7A58900757638 /* UIImage+WebP.h */ = {isa = PBXFileReference; fileEncoding = 4; lastKnownFileType = sourcecode.c.h; name = "UIImage+WebP.h"; path = "WebP-UIImage/Classes/UIImage+WebP.h"; sourceTree = "<group>"; };
		325243F71AB7A58900757638 /* UIImage+WebP.m */ = {isa = PBXFileReference; fileEncoding = 4; lastKnownFileType = sourcecode.c.objc; name = "UIImage+WebP.m"; path = "WebP-UIImage/Classes/UIImage+WebP.m"; sourceTree = "<group>"; };
		325243FA1AB7A5A700757638 /* WebP.framework */ = {isa = PBXFileReference; lastKnownFileType = wrapper.framework; name = WebP.framework; path = "WebP-UIImage/WebP.framework"; sourceTree = "<group>"; };
		326EA4411AAD102E00C6B51B /* IPColors.h */ = {isa = PBXFileReference; lastKnownFileType = sourcecode.c.h; path = IPColors.h; sourceTree = "<group>"; };
		327D8EAB1ABAA0240013477E /* FeedDetailsCell.h */ = {isa = PBXFileReference; fileEncoding = 4; lastKnownFileType = sourcecode.c.h; path = FeedDetailsCell.h; sourceTree = "<group>"; };
		327D8EAC1ABAA0240013477E /* FeedDetailsCell.m */ = {isa = PBXFileReference; fileEncoding = 4; lastKnownFileType = sourcecode.c.objc; path = FeedDetailsCell.m; sourceTree = "<group>"; };
		327D8EAD1ABAA0240013477E /* FeedDetailsCell.xib */ = {isa = PBXFileReference; fileEncoding = 4; lastKnownFileType = file.xib; path = FeedDetailsCell.xib; sourceTree = "<group>"; };
		329F002B1AA81B180089C0E2 /* Inneract.app */ = {isa = PBXFileReference; explicitFileType = wrapper.application; includeInIndex = 0; path = Inneract.app; sourceTree = BUILT_PRODUCTS_DIR; };
		329F002F1AA81B180089C0E2 /* Info.plist */ = {isa = PBXFileReference; lastKnownFileType = text.plist.xml; path = Info.plist; sourceTree = "<group>"; };
		329F00301AA81B180089C0E2 /* main.m */ = {isa = PBXFileReference; lastKnownFileType = sourcecode.c.objc; path = main.m; sourceTree = "<group>"; };
		329F00321AA81B180089C0E2 /* AppDelegate.h */ = {isa = PBXFileReference; lastKnownFileType = sourcecode.c.h; path = AppDelegate.h; sourceTree = "<group>"; };
		329F00331AA81B180089C0E2 /* AppDelegate.m */ = {isa = PBXFileReference; lastKnownFileType = sourcecode.c.objc; path = AppDelegate.m; sourceTree = "<group>"; };
		329F003B1AA81B180089C0E2 /* Images.xcassets */ = {isa = PBXFileReference; lastKnownFileType = folder.assetcatalog; path = Images.xcassets; sourceTree = "<group>"; };
		329F00441AA81B180089C0E2 /* InneractTests.xctest */ = {isa = PBXFileReference; explicitFileType = wrapper.cfbundle; includeInIndex = 0; path = InneractTests.xctest; sourceTree = BUILT_PRODUCTS_DIR; };
		329F00491AA81B180089C0E2 /* Info.plist */ = {isa = PBXFileReference; lastKnownFileType = text.plist.xml; path = Info.plist; sourceTree = "<group>"; };
		329F004A1AA81B180089C0E2 /* InneractTests.m */ = {isa = PBXFileReference; lastKnownFileType = sourcecode.c.objc; path = InneractTests.m; sourceTree = "<group>"; };
		329F00591AA81E550089C0E2 /* ProfilesViewController.h */ = {isa = PBXFileReference; fileEncoding = 4; lastKnownFileType = sourcecode.c.h; path = ProfilesViewController.h; sourceTree = "<group>"; };
		329F005A1AA81E550089C0E2 /* ProfilesViewController.m */ = {isa = PBXFileReference; fileEncoding = 4; lastKnownFileType = sourcecode.c.objc; path = ProfilesViewController.m; sourceTree = "<group>"; };
		329F005B1AA81E550089C0E2 /* ProfilesViewController.xib */ = {isa = PBXFileReference; fileEncoding = 4; lastKnownFileType = file.xib; path = ProfilesViewController.xib; sourceTree = "<group>"; };
		329F00631AA81EC90089C0E2 /* LandingViewController.h */ = {isa = PBXFileReference; fileEncoding = 4; lastKnownFileType = sourcecode.c.h; path = LandingViewController.h; sourceTree = "<group>"; };
		329F00641AA81EC90089C0E2 /* LandingViewController.m */ = {isa = PBXFileReference; fileEncoding = 4; lastKnownFileType = sourcecode.c.objc; path = LandingViewController.m; sourceTree = "<group>"; };
		329F00651AA81EC90089C0E2 /* LandingViewController.xib */ = {isa = PBXFileReference; fileEncoding = 4; lastKnownFileType = file.xib; path = LandingViewController.xib; sourceTree = "<group>"; };
		329F00681AA81ED90089C0E2 /* ProfileDetailsViewController.h */ = {isa = PBXFileReference; fileEncoding = 4; lastKnownFileType = sourcecode.c.h; path = ProfileDetailsViewController.h; sourceTree = "<group>"; };
		329F00691AA81ED90089C0E2 /* ProfileDetailsViewController.m */ = {isa = PBXFileReference; fileEncoding = 4; lastKnownFileType = sourcecode.c.objc; path = ProfileDetailsViewController.m; sourceTree = "<group>"; };
		329F006A1AA81ED90089C0E2 /* ProfileDetailsViewController.xib */ = {isa = PBXFileReference; fileEncoding = 4; lastKnownFileType = file.xib; path = ProfileDetailsViewController.xib; sourceTree = "<group>"; };
		329F00721AA81F0F0089C0E2 /* JoinUsViewController.h */ = {isa = PBXFileReference; fileEncoding = 4; lastKnownFileType = sourcecode.c.h; path = JoinUsViewController.h; sourceTree = "<group>"; };
		329F00731AA81F0F0089C0E2 /* JoinUsViewController.m */ = {isa = PBXFileReference; fileEncoding = 4; lastKnownFileType = sourcecode.c.objc; path = JoinUsViewController.m; sourceTree = "<group>"; };
		329F00741AA81F0F0089C0E2 /* JoinUsViewController.xib */ = {isa = PBXFileReference; fileEncoding = 4; lastKnownFileType = file.xib; path = JoinUsViewController.xib; sourceTree = "<group>"; };
		329F007C1AA820300089C0E2 /* RegisterClassViewController.h */ = {isa = PBXFileReference; fileEncoding = 4; lastKnownFileType = sourcecode.c.h; path = RegisterClassViewController.h; sourceTree = "<group>"; };
		329F007D1AA820300089C0E2 /* RegisterClassViewController.m */ = {isa = PBXFileReference; fileEncoding = 4; lastKnownFileType = sourcecode.c.objc; path = RegisterClassViewController.m; sourceTree = "<group>"; };
		329F007E1AA820300089C0E2 /* RegisterClassViewController.xib */ = {isa = PBXFileReference; fileEncoding = 4; lastKnownFileType = file.xib; path = RegisterClassViewController.xib; sourceTree = "<group>"; };
		329F00811AA820650089C0E2 /* LearningLabViewController.h */ = {isa = PBXFileReference; fileEncoding = 4; lastKnownFileType = sourcecode.c.h; path = LearningLabViewController.h; sourceTree = "<group>"; };
		329F00821AA820650089C0E2 /* LearningLabViewController.m */ = {isa = PBXFileReference; fileEncoding = 4; lastKnownFileType = sourcecode.c.objc; path = LearningLabViewController.m; sourceTree = "<group>"; };
		329F00831AA820650089C0E2 /* LearningLabViewController.xib */ = {isa = PBXFileReference; fileEncoding = 4; lastKnownFileType = file.xib; path = LearningLabViewController.xib; sourceTree = "<group>"; };
		329F00861AA8207F0089C0E2 /* TeachOrTAViewController.h */ = {isa = PBXFileReference; fileEncoding = 4; lastKnownFileType = sourcecode.c.h; path = TeachOrTAViewController.h; sourceTree = "<group>"; };
		329F00871AA8207F0089C0E2 /* TeachOrTAViewController.m */ = {isa = PBXFileReference; fileEncoding = 4; lastKnownFileType = sourcecode.c.objc; path = TeachOrTAViewController.m; sourceTree = "<group>"; };
		329F00881AA8207F0089C0E2 /* TeachOrTAViewController.xib */ = {isa = PBXFileReference; fileEncoding = 4; lastKnownFileType = file.xib; path = TeachOrTAViewController.xib; sourceTree = "<group>"; };
		329F008B1AA8DC3C0089C0E2 /* EditProfileViewController.h */ = {isa = PBXFileReference; fileEncoding = 4; lastKnownFileType = sourcecode.c.h; path = EditProfileViewController.h; sourceTree = "<group>"; };
		329F008C1AA8DC3C0089C0E2 /* EditProfileViewController.m */ = {isa = PBXFileReference; fileEncoding = 4; lastKnownFileType = sourcecode.c.objc; path = EditProfileViewController.m; sourceTree = "<group>"; };
		329F008D1AA8DC3C0089C0E2 /* EditProfileViewController.xib */ = {isa = PBXFileReference; fileEncoding = 4; lastKnownFileType = file.xib; path = EditProfileViewController.xib; sourceTree = "<group>"; };
		32C439761AAA19550011FEA0 /* FeedCell.h */ = {isa = PBXFileReference; fileEncoding = 4; lastKnownFileType = sourcecode.c.h; path = FeedCell.h; sourceTree = "<group>"; };
		32C439771AAA19550011FEA0 /* FeedCell.m */ = {isa = PBXFileReference; fileEncoding = 4; lastKnownFileType = sourcecode.c.objc; path = FeedCell.m; sourceTree = "<group>"; };
		32C439781AAA19550011FEA0 /* FeedCell.xib */ = {isa = PBXFileReference; fileEncoding = 4; lastKnownFileType = file.xib; path = FeedCell.xib; sourceTree = "<group>"; };
		32C8EAEC1AB69A0B008CC10D /* UIImageView+IP.h */ = {isa = PBXFileReference; fileEncoding = 4; lastKnownFileType = sourcecode.c.h; path = "UIImageView+IP.h"; sourceTree = "<group>"; };
		32C8EAED1AB69A0B008CC10D /* UIImageView+IP.m */ = {isa = PBXFileReference; fileEncoding = 4; lastKnownFileType = sourcecode.c.objc; path = "UIImageView+IP.m"; sourceTree = "<group>"; };
		32D552361AB5182200250219 /* NSString+HTML.h */ = {isa = PBXFileReference; fileEncoding = 4; lastKnownFileType = sourcecode.c.h; path = "NSString+HTML.h"; sourceTree = "<group>"; };
		32D552371AB5182200250219 /* NSString+HTML.m */ = {isa = PBXFileReference; fileEncoding = 4; lastKnownFileType = sourcecode.c.objc; path = "NSString+HTML.m"; sourceTree = "<group>"; };
		32D552391AB5184300250219 /* NSMutableString+HTML.h */ = {isa = PBXFileReference; fileEncoding = 4; lastKnownFileType = sourcecode.c.h; path = "NSMutableString+HTML.h"; sourceTree = "<group>"; };
		32D5523A1AB5184300250219 /* NSMutableString+HTML.m */ = {isa = PBXFileReference; fileEncoding = 4; lastKnownFileType = sourcecode.c.objc; path = "NSMutableString+HTML.m"; sourceTree = "<group>"; };
		32FF1C6B1AB6490B00238E19 /* HighlightedFeedsView.h */ = {isa = PBXFileReference; fileEncoding = 4; lastKnownFileType = sourcecode.c.h; path = HighlightedFeedsView.h; sourceTree = "<group>"; };
		32FF1C6C1AB6490B00238E19 /* HighlightedFeedsView.m */ = {isa = PBXFileReference; fileEncoding = 4; lastKnownFileType = sourcecode.c.objc; path = HighlightedFeedsView.m; sourceTree = "<group>"; };
		32FF1C741AB65B9B00238E19 /* HighlightedFeedsView.xib */ = {isa = PBXFileReference; fileEncoding = 4; lastKnownFileType = file.xib; path = HighlightedFeedsView.xib; sourceTree = "<group>"; };
		330651719605A51AB3D91F51 /* FeedDetailsViewController.m */ = {isa = PBXFileReference; fileEncoding = 4; lastKnownFileType = sourcecode.c.objc; path = FeedDetailsViewController.m; sourceTree = "<group>"; };
		33065203601594D7AF42A0C0 /* FeedDetailsViewController.h */ = {isa = PBXFileReference; fileEncoding = 4; lastKnownFileType = sourcecode.c.h; path = FeedDetailsViewController.h; sourceTree = "<group>"; };
		330652B7E632979E9D9B0AEC /* FeedDetailsHeaderView.xib */ = {isa = PBXFileReference; lastKnownFileType = file.xib; path = FeedDetailsHeaderView.xib; sourceTree = "<group>"; };
		3306541FA360D8CCB347F2B8 /* FeedDetailsViewController.xib */ = {isa = PBXFileReference; lastKnownFileType = file.xib; path = FeedDetailsViewController.xib; sourceTree = "<group>"; };
		3306545DC4732F14585ECAAC /* FeedsViewController.m */ = {isa = PBXFileReference; fileEncoding = 4; lastKnownFileType = sourcecode.c.objc; path = FeedsViewController.m; sourceTree = "<group>"; };
		330656776BEB2AF56D2540BB /* FeedsViewController.xib */ = {isa = PBXFileReference; lastKnownFileType = file.xib; path = FeedsViewController.xib; sourceTree = "<group>"; };
		33065960353F636E5711A196 /* Helper.h */ = {isa = PBXFileReference; fileEncoding = 4; lastKnownFileType = sourcecode.c.h; path = Helper.h; sourceTree = "<group>"; };
		33065BC05E3CA4A7835A44E2 /* FeedsViewController.h */ = {isa = PBXFileReference; fileEncoding = 4; lastKnownFileType = sourcecode.c.h; path = FeedsViewController.h; sourceTree = "<group>"; };
		33065CB10BD641D546420524 /* LaunchScreen.xib */ = {isa = PBXFileReference; lastKnownFileType = file.xib; path = LaunchScreen.xib; sourceTree = "<group>"; };
		33065CDAFD2FE9A5F6C42180 /* Helper.m */ = {isa = PBXFileReference; fileEncoding = 4; lastKnownFileType = sourcecode.c.objc; path = Helper.m; sourceTree = "<group>"; };
		382FFD221AB935DD00FE51D0 /* BasicInfoCell.h */ = {isa = PBXFileReference; fileEncoding = 4; lastKnownFileType = sourcecode.c.h; path = BasicInfoCell.h; sourceTree = "<group>"; };
		382FFD231AB935DD00FE51D0 /* BasicInfoCell.m */ = {isa = PBXFileReference; fileEncoding = 4; lastKnownFileType = sourcecode.c.objc; path = BasicInfoCell.m; sourceTree = "<group>"; };
		382FFD241AB935DD00FE51D0 /* BasicInfoCell.xib */ = {isa = PBXFileReference; fileEncoding = 4; lastKnownFileType = file.xib; path = BasicInfoCell.xib; sourceTree = "<group>"; };
		382FFD271AB93CC300FE51D0 /* BadgesCell.h */ = {isa = PBXFileReference; fileEncoding = 4; lastKnownFileType = sourcecode.c.h; path = BadgesCell.h; sourceTree = "<group>"; };
		382FFD281AB93CC300FE51D0 /* BadgesCell.m */ = {isa = PBXFileReference; fileEncoding = 4; lastKnownFileType = sourcecode.c.objc; path = BadgesCell.m; sourceTree = "<group>"; };
		382FFD291AB93CC300FE51D0 /* BadgesCell.xib */ = {isa = PBXFileReference; fileEncoding = 4; lastKnownFileType = file.xib; path = BadgesCell.xib; sourceTree = "<group>"; };
		382FFD2C1AB9493F00FE51D0 /* ProfileDelegate.h */ = {isa = PBXFileReference; fileEncoding = 4; lastKnownFileType = sourcecode.c.h; path = ProfileDelegate.h; sourceTree = "<group>"; };
		382FFD2D1AB9522300FE51D0 /* ActivityCell.h */ = {isa = PBXFileReference; fileEncoding = 4; lastKnownFileType = sourcecode.c.h; path = ActivityCell.h; sourceTree = "<group>"; };
		382FFD2E1AB9522300FE51D0 /* ActivityCell.m */ = {isa = PBXFileReference; fileEncoding = 4; lastKnownFileType = sourcecode.c.objc; path = ActivityCell.m; sourceTree = "<group>"; };
		382FFD2F1AB9522300FE51D0 /* ActivityCell.xib */ = {isa = PBXFileReference; fileEncoding = 4; lastKnownFileType = file.xib; path = ActivityCell.xib; sourceTree = "<group>"; };
		382FFD3D1ABB782300FE51D0 /* IPEventTracker.h */ = {isa = PBXFileReference; fileEncoding = 4; lastKnownFileType = sourcecode.c.h; path = IPEventTracker.h; sourceTree = "<group>"; };
		382FFD3E1ABB782300FE51D0 /* IPEventTracker.m */ = {isa = PBXFileReference; fileEncoding = 4; lastKnownFileType = sourcecode.c.objc; path = IPEventTracker.m; sourceTree = "<group>"; };
		382FFD401ABCA04800FE51D0 /* ajax_handler.js */ = {isa = PBXFileReference; fileEncoding = 4; lastKnownFileType = sourcecode.javascript; path = ajax_handler.js; sourceTree = "<group>"; };
		382FFD471ABCA36400FE51D0 /* IPWebViewController.h */ = {isa = PBXFileReference; fileEncoding = 4; lastKnownFileType = sourcecode.c.h; path = IPWebViewController.h; sourceTree = "<group>"; };
		382FFD481ABCA36400FE51D0 /* IPWebViewController.m */ = {isa = PBXFileReference; fileEncoding = 4; lastKnownFileType = sourcecode.c.objc; path = IPWebViewController.m; sourceTree = "<group>"; };
		382FFD491ABCA36400FE51D0 /* IPWebViewController.xib */ = {isa = PBXFileReference; fileEncoding = 4; lastKnownFileType = file.xib; path = IPWebViewController.xib; sourceTree = "<group>"; };
		3864F4961ABF84BC002E7934 /* IPSocialActionView.h */ = {isa = PBXFileReference; fileEncoding = 4; lastKnownFileType = sourcecode.c.h; path = IPSocialActionView.h; sourceTree = "<group>"; };
		3864F4971ABF84BC002E7934 /* IPSocialActionView.m */ = {isa = PBXFileReference; fileEncoding = 4; lastKnownFileType = sourcecode.c.objc; path = IPSocialActionView.m; sourceTree = "<group>"; };
		3864F4991ABF84D0002E7934 /* IPSocialActionView.xib */ = {isa = PBXFileReference; fileEncoding = 4; lastKnownFileType = file.xib; path = IPSocialActionView.xib; sourceTree = "<group>"; };
		3864F49C1ABFE6E2002E7934 /* TPKeyboardAvoidingScrollView.h */ = {isa = PBXFileReference; fileEncoding = 4; lastKnownFileType = sourcecode.c.h; path = TPKeyboardAvoidingScrollView.h; sourceTree = "<group>"; };
		3864F49D1ABFE6E2002E7934 /* TPKeyboardAvoidingScrollView.m */ = {isa = PBXFileReference; fileEncoding = 4; lastKnownFileType = sourcecode.c.objc; path = TPKeyboardAvoidingScrollView.m; sourceTree = "<group>"; };
		3864F49E1ABFE6E2002E7934 /* UIScrollView+TPKeyboardAvoidingAdditions.h */ = {isa = PBXFileReference; fileEncoding = 4; lastKnownFileType = sourcecode.c.h; path = "UIScrollView+TPKeyboardAvoidingAdditions.h"; sourceTree = "<group>"; };
		3864F49F1ABFE6E2002E7934 /* UIScrollView+TPKeyboardAvoidingAdditions.m */ = {isa = PBXFileReference; fileEncoding = 4; lastKnownFileType = sourcecode.c.objc; path = "UIScrollView+TPKeyboardAvoidingAdditions.m"; sourceTree = "<group>"; };
		387EB76A1AB5547200EDD7A0 /* IPColorManager.h */ = {isa = PBXFileReference; fileEncoding = 4; lastKnownFileType = sourcecode.c.h; path = IPColorManager.h; sourceTree = "<group>"; };
		387EB76B1AB5547200EDD7A0 /* IPColorManager.m */ = {isa = PBXFileReference; fileEncoding = 4; lastKnownFileType = sourcecode.c.objc; path = IPColorManager.m; sourceTree = "<group>"; };
		38973B361AA9791B00FE3707 /* IntroductionContainerView.h */ = {isa = PBXFileReference; fileEncoding = 4; lastKnownFileType = sourcecode.c.h; path = IntroductionContainerView.h; sourceTree = "<group>"; };
		38973B371AA9791B00FE3707 /* IntroductionContainerView.m */ = {isa = PBXFileReference; fileEncoding = 4; lastKnownFileType = sourcecode.c.objc; path = IntroductionContainerView.m; sourceTree = "<group>"; };
		38973B391AA9793A00FE3707 /* IntroductionContainerView.xib */ = {isa = PBXFileReference; fileEncoding = 4; lastKnownFileType = file.xib; path = IntroductionContainerView.xib; sourceTree = "<group>"; };
		38973B3B1AA97C6500FE3707 /* FirstIntroductionView.h */ = {isa = PBXFileReference; fileEncoding = 4; lastKnownFileType = sourcecode.c.h; path = FirstIntroductionView.h; sourceTree = "<group>"; };
		38973B3C1AA97C6500FE3707 /* FirstIntroductionView.m */ = {isa = PBXFileReference; fileEncoding = 4; lastKnownFileType = sourcecode.c.objc; path = FirstIntroductionView.m; sourceTree = "<group>"; };
		38973B3E1AA97C7900FE3707 /* FirstIntroductionView.xib */ = {isa = PBXFileReference; fileEncoding = 4; lastKnownFileType = file.xib; path = FirstIntroductionView.xib; sourceTree = "<group>"; };
		38973B401AA97EB600FE3707 /* SecondIntroductionView.h */ = {isa = PBXFileReference; fileEncoding = 4; lastKnownFileType = sourcecode.c.h; path = SecondIntroductionView.h; sourceTree = "<group>"; };
		38973B411AA97EB600FE3707 /* SecondIntroductionView.m */ = {isa = PBXFileReference; fileEncoding = 4; lastKnownFileType = sourcecode.c.objc; path = SecondIntroductionView.m; sourceTree = "<group>"; };
		38973B431AA97EC800FE3707 /* SecondIntroductionView.xib */ = {isa = PBXFileReference; fileEncoding = 4; lastKnownFileType = file.xib; path = SecondIntroductionView.xib; sourceTree = "<group>"; };
		38973B451AA9802000FE3707 /* ThirdIntroductionView.h */ = {isa = PBXFileReference; fileEncoding = 4; lastKnownFileType = sourcecode.c.h; path = ThirdIntroductionView.h; sourceTree = "<group>"; };
		38973B461AA9802000FE3707 /* ThirdIntroductionView.m */ = {isa = PBXFileReference; fileEncoding = 4; lastKnownFileType = sourcecode.c.objc; path = ThirdIntroductionView.m; sourceTree = "<group>"; };
		38973B481AA9803100FE3707 /* ThirdIntroductionView.xib */ = {isa = PBXFileReference; fileEncoding = 4; lastKnownFileType = file.xib; path = ThirdIntroductionView.xib; sourceTree = "<group>"; };
		38DAAE1E1AAC215300930AFE /* MainViewHelper.h */ = {isa = PBXFileReference; fileEncoding = 4; lastKnownFileType = sourcecode.c.h; path = MainViewHelper.h; sourceTree = "<group>"; };
		38DAAE1F1AAC215300930AFE /* MainViewHelper.m */ = {isa = PBXFileReference; fileEncoding = 4; lastKnownFileType = sourcecode.c.objc; path = MainViewHelper.m; sourceTree = "<group>"; };
		38DAAE361AAC349600930AFE /* IPShareManager.h */ = {isa = PBXFileReference; fileEncoding = 4; lastKnownFileType = sourcecode.c.h; path = IPShareManager.h; sourceTree = "<group>"; };
		38DAAE371AAC349600930AFE /* IPShareManager.m */ = {isa = PBXFileReference; fileEncoding = 4; lastKnownFileType = sourcecode.c.objc; path = IPShareManager.m; sourceTree = "<group>"; };
		38DAAE3C1AAD714100930AFE /* PeopleCell.h */ = {isa = PBXFileReference; fileEncoding = 4; lastKnownFileType = sourcecode.c.h; path = PeopleCell.h; sourceTree = "<group>"; };
		38DAAE3D1AAD714100930AFE /* PeopleCell.m */ = {isa = PBXFileReference; fileEncoding = 4; lastKnownFileType = sourcecode.c.objc; path = PeopleCell.m; sourceTree = "<group>"; };
		38DAAE3E1AAD714100930AFE /* PeopleCell.xib */ = {isa = PBXFileReference; fileEncoding = 4; lastKnownFileType = file.xib; path = PeopleCell.xib; sourceTree = "<group>"; };
		43990034D5DA067290877DE9 /* Sd.h */ = {isa = PBXFileReference; fileEncoding = 4; lastKnownFileType = sourcecode.c.h; path = Sd.h; sourceTree = "<group>"; };
		4E6532918FC5344A8EF172D0 /* VimeoVideoConfigResult.m */ = {isa = PBXFileReference; fileEncoding = 4; lastKnownFileType = sourcecode.c.objc; path = VimeoVideoConfigResult.m; sourceTree = "<group>"; };
		4ECDD04D533F5A98F8FDB7F6 /* Pods.release.xcconfig */ = {isa = PBXFileReference; includeInIndex = 1; lastKnownFileType = text.xcconfig; name = Pods.release.xcconfig; path = "Pods/Target Support Files/Pods/Pods.release.xcconfig"; sourceTree = "<group>"; };
		4FFBB01DEC630261E9501D77 /* Thumbs.h */ = {isa = PBXFileReference; fileEncoding = 4; lastKnownFileType = sourcecode.c.h; path = Thumbs.h; sourceTree = "<group>"; };
		552E6023E58B1776D988765E /* Video.h */ = {isa = PBXFileReference; fileEncoding = 4; lastKnownFileType = sourcecode.c.h; path = Video.h; sourceTree = "<group>"; };
		5C27AC052F8D036B4BB4B9FC /* Hd.m */ = {isa = PBXFileReference; fileEncoding = 4; lastKnownFileType = sourcecode.c.objc; path = Hd.m; sourceTree = "<group>"; };
		77865D79E4B3AB0A5EBE65A2 /* Sd.m */ = {isa = PBXFileReference; fileEncoding = 4; lastKnownFileType = sourcecode.c.objc; path = Sd.m; sourceTree = "<group>"; };
		7943AFF2952E65725200025B /* Pods.debug.xcconfig */ = {isa = PBXFileReference; includeInIndex = 1; lastKnownFileType = text.xcconfig; name = Pods.debug.xcconfig; path = "Pods/Target Support Files/Pods/Pods.debug.xcconfig"; sourceTree = "<group>"; };
		802427BF540A979B7F0BD3ED /* VimeoController.m */ = {isa = PBXFileReference; fileEncoding = 4; lastKnownFileType = sourcecode.c.objc; path = VimeoController.m; sourceTree = "<group>"; };
		8346738C3FD9A5E4F4626CBA /* H264.h */ = {isa = PBXFileReference; fileEncoding = 4; lastKnownFileType = sourcecode.c.h; path = H264.h; sourceTree = "<group>"; };
		8EE171A8BA68457AB85208A0 /* Hls.h */ = {isa = PBXFileReference; fileEncoding = 4; lastKnownFileType = sourcecode.c.h; path = Hls.h; sourceTree = "<group>"; };
		B825A950A2CE52ED4742DAC3 /* Files.m */ = {isa = PBXFileReference; fileEncoding = 4; lastKnownFileType = sourcecode.c.objc; path = Files.m; sourceTree = "<group>"; };
		BD3FF86E3CCD530491A7B567 /* Hls.m */ = {isa = PBXFileReference; fileEncoding = 4; lastKnownFileType = sourcecode.c.objc; path = Hls.m; sourceTree = "<group>"; };
		CD31A1AD56C3116942F16E22 /* Hd.h */ = {isa = PBXFileReference; fileEncoding = 4; lastKnownFileType = sourcecode.c.h; path = Hd.h; sourceTree = "<group>"; };
		DC1FC79B91D1F524D009FF51 /* Video.m */ = {isa = PBXFileReference; fileEncoding = 4; lastKnownFileType = sourcecode.c.objc; path = Video.m; sourceTree = "<group>"; };
		E0DDE9BB80B790EB312CA703 /* Request.m */ = {isa = PBXFileReference; fileEncoding = 4; lastKnownFileType = sourcecode.c.objc; path = Request.m; sourceTree = "<group>"; };
		E230F8C3F10A0DC59DD7B0B6 /* Files.h */ = {isa = PBXFileReference; fileEncoding = 4; lastKnownFileType = sourcecode.c.h; path = Files.h; sourceTree = "<group>"; };
		F1AA66273C5BEED84EBE3DC9 /* VimeoController.h */ = {isa = PBXFileReference; fileEncoding = 4; lastKnownFileType = sourcecode.c.h; path = VimeoController.h; sourceTree = "<group>"; };
		F3A086406A431B260C1E9CB0 /* libPods.a */ = {isa = PBXFileReference; explicitFileType = archive.ar; includeInIndex = 0; path = libPods.a; sourceTree = BUILT_PRODUCTS_DIR; };
		FACFAB631AAA5B9C003D874F /* LoginViewController.h */ = {isa = PBXFileReference; fileEncoding = 4; lastKnownFileType = sourcecode.c.h; path = LoginViewController.h; sourceTree = "<group>"; };
		FACFAB641AAA5B9C003D874F /* LoginViewController.m */ = {isa = PBXFileReference; fileEncoding = 4; lastKnownFileType = sourcecode.c.objc; path = LoginViewController.m; sourceTree = "<group>"; };
		FACFAB651AAA5B9C003D874F /* LoginViewController.xib */ = {isa = PBXFileReference; fileEncoding = 4; lastKnownFileType = file.xib; path = LoginViewController.xib; sourceTree = "<group>"; };
		FADAEF601AAE44870098E030 /* arrow.png */ = {isa = PBXFileReference; lastKnownFileType = image.png; path = arrow.png; sourceTree = "<group>"; };
		FADAEF611AAE44870098E030 /* ComboBox.h */ = {isa = PBXFileReference; fileEncoding = 4; lastKnownFileType = sourcecode.c.h; path = ComboBox.h; sourceTree = "<group>"; };
		FADAEF621AAE44870098E030 /* ComboBox.m */ = {isa = PBXFileReference; fileEncoding = 4; lastKnownFileType = sourcecode.c.objc; path = ComboBox.m; sourceTree = "<group>"; };
		FADAEF631AAE44870098E030 /* ComboBox.xib */ = {isa = PBXFileReference; fileEncoding = 4; lastKnownFileType = file.xib; path = ComboBox.xib; sourceTree = "<group>"; };
		FADAEF671AB42A7D0098E030 /* NIDropDown.h */ = {isa = PBXFileReference; fileEncoding = 4; lastKnownFileType = sourcecode.c.h; path = NIDropDown.h; sourceTree = "<group>"; };
		FADAEF681AB42A7D0098E030 /* NIDropDown.m */ = {isa = PBXFileReference; fileEncoding = 4; lastKnownFileType = sourcecode.c.objc; path = NIDropDown.m; sourceTree = "<group>"; };
/* End PBXFileReference section */

/* Begin PBXFrameworksBuildPhase section */
		329F00281AA81B180089C0E2 /* Frameworks */ = {
			isa = PBXFrameworksBuildPhase;
			buildActionMask = 2147483647;
			files = (
				325243FB1AB7A5A700757638 /* WebP.framework in Frameworks */,
				55DC7EF816D4A88069AEE296 /* libPods.a in Frameworks */,
			);
			runOnlyForDeploymentPostprocessing = 0;
		};
		329F00411AA81B180089C0E2 /* Frameworks */ = {
			isa = PBXFrameworksBuildPhase;
			buildActionMask = 2147483647;
			files = (
			);
			runOnlyForDeploymentPostprocessing = 0;
		};
/* End PBXFrameworksBuildPhase section */

/* Begin PBXGroup section */
		16AD0A11625AFF708B717263 /* Pods */ = {
			isa = PBXGroup;
			children = (
				7943AFF2952E65725200025B /* Pods.debug.xcconfig */,
				4ECDD04D533F5A98F8FDB7F6 /* Pods.release.xcconfig */,
			);
			name = Pods;
			sourceTree = "<group>";
		};
		3244F3531ABA7EBD00BE6EEA /* Details */ = {
			isa = PBXGroup;
			children = (
				3306541FA360D8CCB347F2B8 /* FeedDetailsViewController.xib */,
				33065203601594D7AF42A0C0 /* FeedDetailsViewController.h */,
				330651719605A51AB3D91F51 /* FeedDetailsViewController.m */,
			);
			name = Details;
			sourceTree = "<group>";
		};
		3246E6F31AB8A19000F5DFC2 /* Resources */ = {
			isa = PBXGroup;
			children = (
				3246E6F41AB8A19700F5DFC2 /* Fonts */,
			);
			name = Resources;
			sourceTree = "<group>";
		};
		3246E6F41AB8A19700F5DFC2 /* Fonts */ = {
			isa = PBXGroup;
			children = (
				3246E6F51AB8A1CD00F5DFC2 /* CircularStd-Black.otf */,
				3246E6F61AB8A1CD00F5DFC2 /* CircularStd-Bold.otf */,
				3246E6F71AB8A1CD00F5DFC2 /* CircularStd-Book.otf */,
				3246E6F81AB8A1CD00F5DFC2 /* CircularStd-Medium.otf */,
			);
			name = Fonts;
			sourceTree = "<group>";
		};
		325243F31AB7A4CA00757638 /* WebP */ = {
			isa = PBXGroup;
			children = (
				325243F41AB7A58900757638 /* ImageToWebPDataTransformer.h */,
				325243F51AB7A58900757638 /* ImageToWebPDataTransformer.m */,
				325243F61AB7A58900757638 /* UIImage+WebP.h */,
				325243F71AB7A58900757638 /* UIImage+WebP.m */,
			);
			name = WebP;
			sourceTree = "<group>";
		};
		329F00221AA81B180089C0E2 = {
			isa = PBXGroup;
			children = (
				3864F49B1ABFE6C9002E7934 /* KeyboardAvoiding */,
				325243F31AB7A4CA00757638 /* WebP */,
				329F002D1AA81B180089C0E2 /* Inneract */,
				329F00471AA81B180089C0E2 /* InneractTests */,
				329F002C1AA81B180089C0E2 /* Products */,
				16AD0A11625AFF708B717263 /* Pods */,
				8372CF58B7B63BE8B175E59B /* Frameworks */,
			);
			sourceTree = "<group>";
		};
		329F002C1AA81B180089C0E2 /* Products */ = {
			isa = PBXGroup;
			children = (
				329F002B1AA81B180089C0E2 /* Inneract.app */,
				329F00441AA81B180089C0E2 /* InneractTests.xctest */,
			);
			name = Products;
			sourceTree = "<group>";
		};
		329F002D1AA81B180089C0E2 /* Inneract */ = {
			isa = PBXGroup;
			children = (
				3246E6F31AB8A19000F5DFC2 /* Resources */,
				38DAAE351AAC345B00930AFE /* Common */,
				329F007B1AA8200A0089C0E2 /* Forms */,
				329F007A1AA81FE50089C0E2 /* Landing */,
				329F00791AA81FD40089C0E2 /* Profiles */,
				329F00781AA81FBA0089C0E2 /* Feeds */,
				329F00771AA81F950089C0E2 /* User */,
				329F00321AA81B180089C0E2 /* AppDelegate.h */,
				329F00331AA81B180089C0E2 /* AppDelegate.m */,
				329F003B1AA81B180089C0E2 /* Images.xcassets */,
				329F002E1AA81B180089C0E2 /* Supporting Files */,
				33065DF4CA1569613FDDCD48 /* Utils */,
				33065CB10BD641D546420524 /* LaunchScreen.xib */,
				E88C2A853162FAF56F9DA325 /* r2m */,
			);
			path = Inneract;
			sourceTree = "<group>";
		};
		329F002E1AA81B180089C0E2 /* Supporting Files */ = {
			isa = PBXGroup;
			children = (
				329F002F1AA81B180089C0E2 /* Info.plist */,
				329F00301AA81B180089C0E2 /* main.m */,
				382FFD401ABCA04800FE51D0 /* ajax_handler.js */,
			);
			name = "Supporting Files";
			sourceTree = "<group>";
		};
		329F00471AA81B180089C0E2 /* InneractTests */ = {
			isa = PBXGroup;
			children = (
				329F004A1AA81B180089C0E2 /* InneractTests.m */,
				329F00481AA81B180089C0E2 /* Supporting Files */,
			);
			path = InneractTests;
			sourceTree = "<group>";
		};
		329F00481AA81B180089C0E2 /* Supporting Files */ = {
			isa = PBXGroup;
			children = (
				329F00491AA81B180089C0E2 /* Info.plist */,
			);
			name = "Supporting Files";
			sourceTree = "<group>";
		};
		329F00771AA81F950089C0E2 /* User */ = {
			isa = PBXGroup;
			children = (
				FADAEF5E1AAE44530098E030 /* Views */,
				FACFAB631AAA5B9C003D874F /* LoginViewController.h */,
				FACFAB641AAA5B9C003D874F /* LoginViewController.m */,
				FACFAB651AAA5B9C003D874F /* LoginViewController.xib */,
				329F00721AA81F0F0089C0E2 /* JoinUsViewController.h */,
				329F00731AA81F0F0089C0E2 /* JoinUsViewController.m */,
				329F00741AA81F0F0089C0E2 /* JoinUsViewController.xib */,
			);
			name = User;
			sourceTree = "<group>";
		};
		329F00781AA81FBA0089C0E2 /* Feeds */ = {
			isa = PBXGroup;
			children = (
				33065DFA3D4D3200A0D7982D /* Views */,
				3306506D42372ED963AB1E56 /* Controllers */,
				19B0E2450AED1E527473ABAC /* IPFeedDelegate.h */,
			);
			name = Feeds;
			sourceTree = "<group>";
		};
		329F00791AA81FD40089C0E2 /* Profiles */ = {
			isa = PBXGroup;
			children = (
				382FFD211AB9358A00FE51D0 /* Cell */,
				329F00681AA81ED90089C0E2 /* ProfileDetailsViewController.h */,
				329F00691AA81ED90089C0E2 /* ProfileDetailsViewController.m */,
				329F006A1AA81ED90089C0E2 /* ProfileDetailsViewController.xib */,
				329F00591AA81E550089C0E2 /* ProfilesViewController.h */,
				329F005A1AA81E550089C0E2 /* ProfilesViewController.m */,
				329F005B1AA81E550089C0E2 /* ProfilesViewController.xib */,
				329F008B1AA8DC3C0089C0E2 /* EditProfileViewController.h */,
				329F008C1AA8DC3C0089C0E2 /* EditProfileViewController.m */,
				329F008D1AA8DC3C0089C0E2 /* EditProfileViewController.xib */,
				38DAAE3C1AAD714100930AFE /* PeopleCell.h */,
				38DAAE3D1AAD714100930AFE /* PeopleCell.m */,
				38DAAE3E1AAD714100930AFE /* PeopleCell.xib */,
				382FFD2C1AB9493F00FE51D0 /* ProfileDelegate.h */,
			);
			name = Profiles;
			sourceTree = "<group>";
		};
		329F007A1AA81FE50089C0E2 /* Landing */ = {
			isa = PBXGroup;
			children = (
				38973B351AA978D800FE3707 /* Introduction */,
				329F00631AA81EC90089C0E2 /* LandingViewController.h */,
				329F00641AA81EC90089C0E2 /* LandingViewController.m */,
				329F00651AA81EC90089C0E2 /* LandingViewController.xib */,
				38DAAE1E1AAC215300930AFE /* MainViewHelper.h */,
				38DAAE1F1AAC215300930AFE /* MainViewHelper.m */,
			);
			name = Landing;
			sourceTree = "<group>";
		};
		329F007B1AA8200A0089C0E2 /* Forms */ = {
			isa = PBXGroup;
			children = (
				329F007C1AA820300089C0E2 /* RegisterClassViewController.h */,
				329F007D1AA820300089C0E2 /* RegisterClassViewController.m */,
				329F007E1AA820300089C0E2 /* RegisterClassViewController.xib */,
				329F00811AA820650089C0E2 /* LearningLabViewController.h */,
				329F00821AA820650089C0E2 /* LearningLabViewController.m */,
				329F00831AA820650089C0E2 /* LearningLabViewController.xib */,
				329F00861AA8207F0089C0E2 /* TeachOrTAViewController.h */,
				329F00871AA8207F0089C0E2 /* TeachOrTAViewController.m */,
				329F00881AA8207F0089C0E2 /* TeachOrTAViewController.xib */,
			);
			name = Forms;
			sourceTree = "<group>";
		};
		32FF1C6E1AB6494200238E19 /* HighlightedFeeds */ = {
			isa = PBXGroup;
			children = (
				32FF1C6B1AB6490B00238E19 /* HighlightedFeedsView.h */,
				32FF1C6C1AB6490B00238E19 /* HighlightedFeedsView.m */,
				32FF1C741AB65B9B00238E19 /* HighlightedFeedsView.xib */,
				3246E6EE1AB7D49500F5DFC2 /* SingleHighlightedFeedView.xib */,
				3246E6F01AB7D85A00F5DFC2 /* SingleHighlightedFeedView.h */,
				3246E6F11AB7D85A00F5DFC2 /* SingleHighlightedFeedView.m */,
			);
			name = HighlightedFeeds;
			sourceTree = "<group>";
		};
		32FF1C6F1AB6495900238E19 /* Cells */ = {
			isa = PBXGroup;
			children = (
				33065FB310028CB75047974D /* Details */,
				32C439761AAA19550011FEA0 /* FeedCell.h */,
				32C439771AAA19550011FEA0 /* FeedCell.m */,
				32C439781AAA19550011FEA0 /* FeedCell.xib */,
			);
			name = Cells;
			sourceTree = "<group>";
		};
		33065002B0EF57E4FCF180F7 /* Feeds */ = {
			isa = PBXGroup;
			children = (
				3244F3531ABA7EBD00BE6EEA /* Details */,
				330656776BEB2AF56D2540BB /* FeedsViewController.xib */,
				33065BC05E3CA4A7835A44E2 /* FeedsViewController.h */,
				3306545DC4732F14585ECAAC /* FeedsViewController.m */,
			);
			name = Feeds;
			sourceTree = "<group>";
		};
		3306506D42372ED963AB1E56 /* Controllers */ = {
			isa = PBXGroup;
			children = (
				33065002B0EF57E4FCF180F7 /* Feeds */,
			);
			name = Controllers;
			sourceTree = "<group>";
		};
		33065DF4CA1569613FDDCD48 /* Utils */ = {
			isa = PBXGroup;
			children = (
				33065CDAFD2FE9A5F6C42180 /* Helper.m */,
				33065960353F636E5711A196 /* Helper.h */,
				326EA4411AAD102E00C6B51B /* IPColors.h */,
				32D552361AB5182200250219 /* NSString+HTML.h */,
				32D552371AB5182200250219 /* NSString+HTML.m */,
				32D552391AB5184300250219 /* NSMutableString+HTML.h */,
				32D5523A1AB5184300250219 /* NSMutableString+HTML.m */,
				32C8EAEC1AB69A0B008CC10D /* UIImageView+IP.h */,
				32C8EAED1AB69A0B008CC10D /* UIImageView+IP.m */,
			);
			path = Utils;
			sourceTree = "<group>";
		};
		33065DFA3D4D3200A0D7982D /* Views */ = {
			isa = PBXGroup;
			children = (
				32FF1C6F1AB6495900238E19 /* Cells */,
				32FF1C6E1AB6494200238E19 /* HighlightedFeeds */,
				3864F4961ABF84BC002E7934 /* IPSocialActionView.h */,
				3864F4971ABF84BC002E7934 /* IPSocialActionView.m */,
				3864F4991ABF84D0002E7934 /* IPSocialActionView.xib */,
			);
			name = Views;
			sourceTree = "<group>";
		};
		33065FB310028CB75047974D /* Details */ = {
			isa = PBXGroup;
			children = (
				330652B7E632979E9D9B0AEC /* FeedDetailsHeaderView.xib */,
				3244F3541ABA97F300BE6EEA /* FeedDetailsHeaderView.h */,
				3244F3551ABA97F300BE6EEA /* FeedDetailsHeaderView.m */,
				327D8EAB1ABAA0240013477E /* FeedDetailsCell.h */,
				327D8EAC1ABAA0240013477E /* FeedDetailsCell.m */,
				327D8EAD1ABAA0240013477E /* FeedDetailsCell.xib */,
			);
			name = Details;
			sourceTree = "<group>";
		};
		382FFD211AB9358A00FE51D0 /* Cell */ = {
			isa = PBXGroup;
			children = (
				382FFD221AB935DD00FE51D0 /* BasicInfoCell.h */,
				382FFD231AB935DD00FE51D0 /* BasicInfoCell.m */,
				382FFD241AB935DD00FE51D0 /* BasicInfoCell.xib */,
				382FFD271AB93CC300FE51D0 /* BadgesCell.h */,
				382FFD281AB93CC300FE51D0 /* BadgesCell.m */,
				382FFD291AB93CC300FE51D0 /* BadgesCell.xib */,
				382FFD2D1AB9522300FE51D0 /* ActivityCell.h */,
				382FFD2E1AB9522300FE51D0 /* ActivityCell.m */,
				382FFD2F1AB9522300FE51D0 /* ActivityCell.xib */,
			);
			name = Cell;
			sourceTree = "<group>";
		};
		3864F49B1ABFE6C9002E7934 /* KeyboardAvoiding */ = {
			isa = PBXGroup;
			children = (
				3864F49C1ABFE6E2002E7934 /* TPKeyboardAvoidingScrollView.h */,
				3864F49D1ABFE6E2002E7934 /* TPKeyboardAvoidingScrollView.m */,
				3864F49E1ABFE6E2002E7934 /* UIScrollView+TPKeyboardAvoidingAdditions.h */,
				3864F49F1ABFE6E2002E7934 /* UIScrollView+TPKeyboardAvoidingAdditions.m */,
			);
			name = KeyboardAvoiding;
			sourceTree = "<group>";
		};
		38973B351AA978D800FE3707 /* Introduction */ = {
			isa = PBXGroup;
			children = (
				38973B361AA9791B00FE3707 /* IntroductionContainerView.h */,
				38973B371AA9791B00FE3707 /* IntroductionContainerView.m */,
				38973B391AA9793A00FE3707 /* IntroductionContainerView.xib */,
				38973B3B1AA97C6500FE3707 /* FirstIntroductionView.h */,
				38973B3C1AA97C6500FE3707 /* FirstIntroductionView.m */,
				38973B3E1AA97C7900FE3707 /* FirstIntroductionView.xib */,
				38973B401AA97EB600FE3707 /* SecondIntroductionView.h */,
				38973B411AA97EB600FE3707 /* SecondIntroductionView.m */,
				38973B431AA97EC800FE3707 /* SecondIntroductionView.xib */,
				38973B451AA9802000FE3707 /* ThirdIntroductionView.h */,
				38973B461AA9802000FE3707 /* ThirdIntroductionView.m */,
				38973B481AA9803100FE3707 /* ThirdIntroductionView.xib */,
			);
			name = Introduction;
			sourceTree = "<group>";
		};
		38DAAE351AAC345B00930AFE /* Common */ = {
			isa = PBXGroup;
			children = (
				FADAEF671AB42A7D0098E030 /* NIDropDown.h */,
				FADAEF681AB42A7D0098E030 /* NIDropDown.m */,
				38DAAE361AAC349600930AFE /* IPShareManager.h */,
				38DAAE371AAC349600930AFE /* IPShareManager.m */,
				387EB76A1AB5547200EDD7A0 /* IPColorManager.h */,
				387EB76B1AB5547200EDD7A0 /* IPColorManager.m */,
				382FFD3D1ABB782300FE51D0 /* IPEventTracker.h */,
				382FFD3E1ABB782300FE51D0 /* IPEventTracker.m */,
				19B0E5383B2158E1CFBCD09D /* IPConstants.m */,
				19B0EFBDFD8A86B8B420B7A9 /* IPConstants.h */,
				382FFD471ABCA36400FE51D0 /* IPWebViewController.h */,
				382FFD481ABCA36400FE51D0 /* IPWebViewController.m */,
				382FFD491ABCA36400FE51D0 /* IPWebViewController.xib */,
			);
			name = Common;
			sourceTree = "<group>";
		};
		5C2A4D93CB614714FDB889ED /* Nodes */ = {
			isa = PBXGroup;
			children = (
				E230F8C3F10A0DC59DD7B0B6 /* Files.h */,
				B825A950A2CE52ED4742DAC3 /* Files.m */,
				8346738C3FD9A5E4F4626CBA /* H264.h */,
				1540BA0F2C3F453A62DE3588 /* H264.m */,
				CD31A1AD56C3116942F16E22 /* Hd.h */,
				5C27AC052F8D036B4BB4B9FC /* Hd.m */,
				8EE171A8BA68457AB85208A0 /* Hls.h */,
				BD3FF86E3CCD530491A7B567 /* Hls.m */,
				27C9C7D67581C26E39638452 /* Request.h */,
				E0DDE9BB80B790EB312CA703 /* Request.m */,
				43990034D5DA067290877DE9 /* Sd.h */,
				77865D79E4B3AB0A5EBE65A2 /* Sd.m */,
				4FFBB01DEC630261E9501D77 /* Thumbs.h */,
				1E59FC5B605337A70CC2A5E6 /* Thumbs.m */,
				552E6023E58B1776D988765E /* Video.h */,
				DC1FC79B91D1F524D009FF51 /* Video.m */,
				1D7A76274F71555DC16C65D0 /* VimeoVideoConfigResult.h */,
				4E6532918FC5344A8EF172D0 /* VimeoVideoConfigResult.m */,
			);
			path = Nodes;
			sourceTree = "<group>";
		};
		64E2F09664C4994DA0D021E2 /* Controllers */ = {
			isa = PBXGroup;
			children = (
				F1AA66273C5BEED84EBE3DC9 /* VimeoController.h */,
				802427BF540A979B7F0BD3ED /* VimeoController.m */,
			);
			path = Controllers;
			sourceTree = "<group>";
		};
		8372CF58B7B63BE8B175E59B /* Frameworks */ = {
			isa = PBXGroup;
			children = (
				325243FA1AB7A5A700757638 /* WebP.framework */,
				F3A086406A431B260C1E9CB0 /* libPods.a */,
			);
			name = Frameworks;
			sourceTree = "<group>";
		};
		E88C2A853162FAF56F9DA325 /* r2m */ = {
			isa = PBXGroup;
			children = (
				64E2F09664C4994DA0D021E2 /* Controllers */,
				5C2A4D93CB614714FDB889ED /* Nodes */,
			);
			path = r2m;
			sourceTree = "<group>";
		};
		FADAEF5E1AAE44530098E030 /* Views */ = {
			isa = PBXGroup;
			children = (
				FADAEF5F1AAE446E0098E030 /* ComboBox */,
			);
			name = Views;
			sourceTree = "<group>";
		};
		FADAEF5F1AAE446E0098E030 /* ComboBox */ = {
			isa = PBXGroup;
			children = (
				FADAEF601AAE44870098E030 /* arrow.png */,
				FADAEF611AAE44870098E030 /* ComboBox.h */,
				FADAEF621AAE44870098E030 /* ComboBox.m */,
				FADAEF631AAE44870098E030 /* ComboBox.xib */,
			);
			name = ComboBox;
			sourceTree = "<group>";
		};
/* End PBXGroup section */

/* Begin PBXNativeTarget section */
		329F002A1AA81B180089C0E2 /* Inneract */ = {
			isa = PBXNativeTarget;
			buildConfigurationList = 329F004E1AA81B180089C0E2 /* Build configuration list for PBXNativeTarget "Inneract" */;
			buildPhases = (
				167A9921A3633F85500AF3E0 /* Check Pods Manifest.lock */,
				329F00271AA81B180089C0E2 /* Sources */,
				329F00281AA81B180089C0E2 /* Frameworks */,
				329F00291AA81B180089C0E2 /* Resources */,
				BE7263DA592DDF1E63565930 /* Copy Pods Resources */,
			);
			buildRules = (
			);
			dependencies = (
			);
			name = Inneract;
			productName = Inneract;
			productReference = 329F002B1AA81B180089C0E2 /* Inneract.app */;
			productType = "com.apple.product-type.application";
		};
		329F00431AA81B180089C0E2 /* InneractTests */ = {
			isa = PBXNativeTarget;
			buildConfigurationList = 329F00511AA81B180089C0E2 /* Build configuration list for PBXNativeTarget "InneractTests" */;
			buildPhases = (
				329F00401AA81B180089C0E2 /* Sources */,
				329F00411AA81B180089C0E2 /* Frameworks */,
				329F00421AA81B180089C0E2 /* Resources */,
			);
			buildRules = (
			);
			dependencies = (
				329F00461AA81B180089C0E2 /* PBXTargetDependency */,
			);
			name = InneractTests;
			productName = InneractTests;
			productReference = 329F00441AA81B180089C0E2 /* InneractTests.xctest */;
			productType = "com.apple.product-type.bundle.unit-test";
		};
/* End PBXNativeTarget section */

/* Begin PBXProject section */
		329F00231AA81B180089C0E2 /* Project object */ = {
			isa = PBXProject;
			attributes = {
				LastUpgradeCheck = 0610;
				ORGANIZATIONNAME = "Emmanuel Texier";
				TargetAttributes = {
					329F002A1AA81B180089C0E2 = {
						CreatedOnToolsVersion = 6.1.1;
						DevelopmentTeam = VX4Q6BT3LB;
					};
					329F00431AA81B180089C0E2 = {
						CreatedOnToolsVersion = 6.1.1;
						TestTargetID = 329F002A1AA81B180089C0E2;
					};
				};
			};
			buildConfigurationList = 329F00261AA81B180089C0E2 /* Build configuration list for PBXProject "Inneract" */;
			compatibilityVersion = "Xcode 3.2";
			developmentRegion = English;
			hasScannedForEncodings = 0;
			knownRegions = (
				en,
				Base,
			);
			mainGroup = 329F00221AA81B180089C0E2;
			productRefGroup = 329F002C1AA81B180089C0E2 /* Products */;
			projectDirPath = "";
			projectRoot = "";
			targets = (
				329F002A1AA81B180089C0E2 /* Inneract */,
				329F00431AA81B180089C0E2 /* InneractTests */,
			);
		};
/* End PBXProject section */

/* Begin PBXResourcesBuildPhase section */
		329F00291AA81B180089C0E2 /* Resources */ = {
			isa = PBXResourcesBuildPhase;
			buildActionMask = 2147483647;
			files = (
				382FFD411ABCA04800FE51D0 /* ajax_handler.js in Resources */,
				3246E6F91AB8A27B00F5DFC2 /* CircularStd-Black.otf in Resources */,
				3246E6FA1AB8A27B00F5DFC2 /* CircularStd-Bold.otf in Resources */,
				3246E6FB1AB8A27B00F5DFC2 /* CircularStd-Book.otf in Resources */,
				3246E6FC1AB8A27B00F5DFC2 /* CircularStd-Medium.otf in Resources */,
				3864F49A1ABF84D0002E7934 /* IPSocialActionView.xib in Resources */,
				329F008F1AA8DC3C0089C0E2 /* EditProfileViewController.xib in Resources */,
				329F00761AA81F0F0089C0E2 /* JoinUsViewController.xib in Resources */,
				329F008A1AA8207F0089C0E2 /* TeachOrTAViewController.xib in Resources */,
				38973B441AA97EC800FE3707 /* SecondIntroductionView.xib in Resources */,
				329F00671AA81EC90089C0E2 /* LandingViewController.xib in Resources */,
				38973B491AA9803100FE3707 /* ThirdIntroductionView.xib in Resources */,
				329F00801AA820300089C0E2 /* RegisterClassViewController.xib in Resources */,
				382FFD311AB9522300FE51D0 /* ActivityCell.xib in Resources */,
				382FFD261AB935DD00FE51D0 /* BasicInfoCell.xib in Resources */,
				FACFAB671AAA5B9C003D874F /* LoginViewController.xib in Resources */,
				32C4397A1AAA19550011FEA0 /* FeedCell.xib in Resources */,
				329F006C1AA81ED90089C0E2 /* ProfileDetailsViewController.xib in Resources */,
				3246E6EF1AB7D49500F5DFC2 /* SingleHighlightedFeedView.xib in Resources */,
				382FFD4B1ABCA36400FE51D0 /* IPWebViewController.xib in Resources */,
				38DAAE401AAD714100930AFE /* PeopleCell.xib in Resources */,
				38973B3F1AA97C7900FE3707 /* FirstIntroductionView.xib in Resources */,
				329F005D1AA81E550089C0E2 /* ProfilesViewController.xib in Resources */,
				329F00851AA820650089C0E2 /* LearningLabViewController.xib in Resources */,
				38973B3A1AA9793A00FE3707 /* IntroductionContainerView.xib in Resources */,
				329F003C1AA81B180089C0E2 /* Images.xcassets in Resources */,
				FADAEF661AAE44870098E030 /* ComboBox.xib in Resources */,
				32FF1C751AB65B9B00238E19 /* HighlightedFeedsView.xib in Resources */,
				382FFD2B1AB93CC300FE51D0 /* BadgesCell.xib in Resources */,
				327D8EB01ABAAA100013477E /* FeedDetailsCell.xib in Resources */,
				330657D3A4F5CBF47983D041 /* FeedDetailsViewController.xib in Resources */,
				FADAEF641AAE44870098E030 /* arrow.png in Resources */,
				33065BC08738FAD577A914CB /* FeedsViewController.xib in Resources */,
				33065FEB1301227C2B1D8711 /* LaunchScreen.xib in Resources */,
				330650C0FD537DC8C72C62E9 /* FeedDetailsHeaderView.xib in Resources */,
			);
			runOnlyForDeploymentPostprocessing = 0;
		};
		329F00421AA81B180089C0E2 /* Resources */ = {
			isa = PBXResourcesBuildPhase;
			buildActionMask = 2147483647;
			files = (
			);
			runOnlyForDeploymentPostprocessing = 0;
		};
/* End PBXResourcesBuildPhase section */

/* Begin PBXShellScriptBuildPhase section */
		167A9921A3633F85500AF3E0 /* Check Pods Manifest.lock */ = {
			isa = PBXShellScriptBuildPhase;
			buildActionMask = 2147483647;
			files = (
			);
			inputPaths = (
			);
			name = "Check Pods Manifest.lock";
			outputPaths = (
			);
			runOnlyForDeploymentPostprocessing = 0;
			shellPath = /bin/sh;
			shellScript = "diff \"${PODS_ROOT}/../Podfile.lock\" \"${PODS_ROOT}/Manifest.lock\" > /dev/null\nif [[ $? != 0 ]] ; then\n    cat << EOM\nerror: The sandbox is not in sync with the Podfile.lock. Run 'pod install' or update your CocoaPods installation.\nEOM\n    exit 1\nfi\n";
			showEnvVarsInLog = 0;
		};
		BE7263DA592DDF1E63565930 /* Copy Pods Resources */ = {
			isa = PBXShellScriptBuildPhase;
			buildActionMask = 2147483647;
			files = (
			);
			inputPaths = (
			);
			name = "Copy Pods Resources";
			outputPaths = (
			);
			runOnlyForDeploymentPostprocessing = 0;
			shellPath = /bin/sh;
			shellScript = "\"${SRCROOT}/Pods/Target Support Files/Pods/Pods-resources.sh\"\n";
			showEnvVarsInLog = 0;
		};
/* End PBXShellScriptBuildPhase section */

/* Begin PBXSourcesBuildPhase section */
		329F00271AA81B180089C0E2 /* Sources */ = {
			isa = PBXSourcesBuildPhase;
			buildActionMask = 2147483647;
			files = (
				32C439791AAA19550011FEA0 /* FeedCell.m in Sources */,
				32C8EAEE1AB69A0B008CC10D /* UIImageView+IP.m in Sources */,
				382FFD301AB9522300FE51D0 /* ActivityCell.m in Sources */,
				32D552381AB5182200250219 /* NSString+HTML.m in Sources */,
				329F00751AA81F0F0089C0E2 /* JoinUsViewController.m in Sources */,
				382FFD251AB935DD00FE51D0 /* BasicInfoCell.m in Sources */,
				329F00341AA81B180089C0E2 /* AppDelegate.m in Sources */,
				329F00311AA81B180089C0E2 /* main.m in Sources */,
				38973B471AA9802000FE3707 /* ThirdIntroductionView.m in Sources */,
				3246E6F21AB7D85A00F5DFC2 /* SingleHighlightedFeedView.m in Sources */,
				387EB76C1AB5547200EDD7A0 /* IPColorManager.m in Sources */,
				FADAEF651AAE44870098E030 /* ComboBox.m in Sources */,
				38973B381AA9791B00FE3707 /* IntroductionContainerView.m in Sources */,
				3864F4A01ABFE6E2002E7934 /* TPKeyboardAvoidingScrollView.m in Sources */,
				325243F81AB7A58900757638 /* ImageToWebPDataTransformer.m in Sources */,
				38DAAE381AAC349600930AFE /* IPShareManager.m in Sources */,
				38DAAE3F1AAD714100930AFE /* PeopleCell.m in Sources */,
				38973B3D1AA97C6500FE3707 /* FirstIntroductionView.m in Sources */,
				329F005C1AA81E550089C0E2 /* ProfilesViewController.m in Sources */,
				382FFD3F1ABB782300FE51D0 /* IPEventTracker.m in Sources */,
				FADAEF691AB42A7D0098E030 /* NIDropDown.m in Sources */,
				329F006B1AA81ED90089C0E2 /* ProfileDetailsViewController.m in Sources */,
				382FFD2A1AB93CC300FE51D0 /* BadgesCell.m in Sources */,
				327D8EAE1ABAA0240013477E /* FeedDetailsCell.m in Sources */,
				38DAAE201AAC215300930AFE /* MainViewHelper.m in Sources */,
				329F00661AA81EC90089C0E2 /* LandingViewController.m in Sources */,
				329F008E1AA8DC3C0089C0E2 /* EditProfileViewController.m in Sources */,
				32FF1C6D1AB6490B00238E19 /* HighlightedFeedsView.m in Sources */,
				32D5523B1AB5184300250219 /* NSMutableString+HTML.m in Sources */,
				329F007F1AA820300089C0E2 /* RegisterClassViewController.m in Sources */,
				325243F91AB7A58900757638 /* UIImage+WebP.m in Sources */,
				38973B421AA97EB600FE3707 /* SecondIntroductionView.m in Sources */,
				329F00841AA820650089C0E2 /* LearningLabViewController.m in Sources */,
				329F00891AA8207F0089C0E2 /* TeachOrTAViewController.m in Sources */,
				FACFAB661AAA5B9C003D874F /* LoginViewController.m in Sources */,
				3306560C3D6F9F462FE636A2 /* FeedDetailsViewController.m in Sources */,
				3306568A9ABB77106F2E7150 /* FeedsViewController.m in Sources */,
				3864F4981ABF84BC002E7934 /* IPSocialActionView.m in Sources */,
				3864F4A11ABFE6E2002E7934 /* UIScrollView+TPKeyboardAvoidingAdditions.m in Sources */,
				382FFD4A1ABCA36400FE51D0 /* IPWebViewController.m in Sources */,
				33065EAFB6D45024FCC40393 /* Helper.m in Sources */,
				F0EE7A20A61A9501D5F8F1EA /* VimeoController.m in Sources */,
				278A2FB813A16F13F2A6A14B /* Files.m in Sources */,
				1A4031E33B5636FC7A01963C /* H264.m in Sources */,
				D34B25A6117F0BB908C3E590 /* Hd.m in Sources */,
				90FF6AAB4ED575785E5E02AF /* Hls.m in Sources */,
				4A3C9DC8EBBFA15EFF92D570 /* Request.m in Sources */,
				87121E43249CE5D381442993 /* Sd.m in Sources */,
				C60561EFFF48E508EC4BCE10 /* Thumbs.m in Sources */,
				3D0358B6DDBD9E8855AB210F /* Video.m in Sources */,
				5A66AD259D313321DE36B1FE /* VimeoVideoConfigResult.m in Sources */,
				3244F3561ABA97F300BE6EEA /* FeedDetailsHeaderView.m in Sources */,
				19B0EFF0AB199E5D35BCAF03 /* IPConstants.m in Sources */,
			);
			runOnlyForDeploymentPostprocessing = 0;
		};
		329F00401AA81B180089C0E2 /* Sources */ = {
			isa = PBXSourcesBuildPhase;
			buildActionMask = 2147483647;
			files = (
				329F004B1AA81B180089C0E2 /* InneractTests.m in Sources */,
			);
			runOnlyForDeploymentPostprocessing = 0;
		};
/* End PBXSourcesBuildPhase section */

/* Begin PBXTargetDependency section */
		329F00461AA81B180089C0E2 /* PBXTargetDependency */ = {
			isa = PBXTargetDependency;
			target = 329F002A1AA81B180089C0E2 /* Inneract */;
			targetProxy = 329F00451AA81B180089C0E2 /* PBXContainerItemProxy */;
		};
/* End PBXTargetDependency section */

/* Begin XCBuildConfiguration section */
		329F004C1AA81B180089C0E2 /* Debug */ = {
			isa = XCBuildConfiguration;
			buildSettings = {
				ALWAYS_SEARCH_USER_PATHS = NO;
				CLANG_CXX_LANGUAGE_STANDARD = "gnu++0x";
				CLANG_CXX_LIBRARY = "libc++";
				CLANG_ENABLE_MODULES = YES;
				CLANG_ENABLE_OBJC_ARC = YES;
				CLANG_WARN_BOOL_CONVERSION = YES;
				CLANG_WARN_CONSTANT_CONVERSION = YES;
				CLANG_WARN_DIRECT_OBJC_ISA_USAGE = YES_ERROR;
				CLANG_WARN_EMPTY_BODY = YES;
				CLANG_WARN_ENUM_CONVERSION = YES;
				CLANG_WARN_INT_CONVERSION = YES;
				CLANG_WARN_OBJC_ROOT_CLASS = YES_ERROR;
				CLANG_WARN_UNREACHABLE_CODE = YES;
				CLANG_WARN__DUPLICATE_METHOD_MATCH = YES;
				"CODE_SIGN_IDENTITY[sdk=iphoneos*]" = "iPhone Developer";
				COPY_PHASE_STRIP = NO;
				ENABLE_STRICT_OBJC_MSGSEND = YES;
				GCC_C_LANGUAGE_STANDARD = gnu99;
				GCC_DYNAMIC_NO_PIC = NO;
				GCC_OPTIMIZATION_LEVEL = 0;
				GCC_PREPROCESSOR_DEFINITIONS = (
					"DEBUG=1",
					"$(inherited)",
				);
				GCC_SYMBOLS_PRIVATE_EXTERN = NO;
				GCC_WARN_64_TO_32_BIT_CONVERSION = YES;
				GCC_WARN_ABOUT_RETURN_TYPE = YES_ERROR;
				GCC_WARN_UNDECLARED_SELECTOR = YES;
				GCC_WARN_UNINITIALIZED_AUTOS = YES_AGGRESSIVE;
				GCC_WARN_UNUSED_FUNCTION = YES;
				GCC_WARN_UNUSED_VARIABLE = YES;
				IPHONEOS_DEPLOYMENT_TARGET = 8.1;
				MTL_ENABLE_DEBUG_INFO = YES;
				ONLY_ACTIVE_ARCH = YES;
				SDKROOT = iphoneos;
				TARGETED_DEVICE_FAMILY = "1,2";
			};
			name = Debug;
		};
		329F004D1AA81B180089C0E2 /* Release */ = {
			isa = XCBuildConfiguration;
			buildSettings = {
				ALWAYS_SEARCH_USER_PATHS = NO;
				CLANG_CXX_LANGUAGE_STANDARD = "gnu++0x";
				CLANG_CXX_LIBRARY = "libc++";
				CLANG_ENABLE_MODULES = YES;
				CLANG_ENABLE_OBJC_ARC = YES;
				CLANG_WARN_BOOL_CONVERSION = YES;
				CLANG_WARN_CONSTANT_CONVERSION = YES;
				CLANG_WARN_DIRECT_OBJC_ISA_USAGE = YES_ERROR;
				CLANG_WARN_EMPTY_BODY = YES;
				CLANG_WARN_ENUM_CONVERSION = YES;
				CLANG_WARN_INT_CONVERSION = YES;
				CLANG_WARN_OBJC_ROOT_CLASS = YES_ERROR;
				CLANG_WARN_UNREACHABLE_CODE = YES;
				CLANG_WARN__DUPLICATE_METHOD_MATCH = YES;
				"CODE_SIGN_IDENTITY[sdk=iphoneos*]" = "iPhone Developer";
				COPY_PHASE_STRIP = YES;
				ENABLE_NS_ASSERTIONS = NO;
				ENABLE_STRICT_OBJC_MSGSEND = YES;
				GCC_C_LANGUAGE_STANDARD = gnu99;
				GCC_WARN_64_TO_32_BIT_CONVERSION = YES;
				GCC_WARN_ABOUT_RETURN_TYPE = YES_ERROR;
				GCC_WARN_UNDECLARED_SELECTOR = YES;
				GCC_WARN_UNINITIALIZED_AUTOS = YES_AGGRESSIVE;
				GCC_WARN_UNUSED_FUNCTION = YES;
				GCC_WARN_UNUSED_VARIABLE = YES;
				IPHONEOS_DEPLOYMENT_TARGET = 8.1;
				MTL_ENABLE_DEBUG_INFO = NO;
				SDKROOT = iphoneos;
				TARGETED_DEVICE_FAMILY = "1,2";
				VALIDATE_PRODUCT = YES;
			};
			name = Release;
		};
		329F004F1AA81B180089C0E2 /* Debug */ = {
			isa = XCBuildConfiguration;
			baseConfigurationReference = 7943AFF2952E65725200025B /* Pods.debug.xcconfig */;
			buildSettings = {
				ASSETCATALOG_COMPILER_APPICON_NAME = AppIcon;
				FRAMEWORK_SEARCH_PATHS = (
					"$(inherited)",
					"$(PROJECT_DIR)/WebP-UIImage",
				);
				INFOPLIST_FILE = Inneract/Info.plist;
				LD_RUNPATH_SEARCH_PATHS = "$(inherited) @executable_path/Frameworks";
				PRODUCT_NAME = "$(TARGET_NAME)";
				USER_HEADER_SEARCH_PATHS = "\"${PROJECT_DIR}/Pods\"/**";
			};
			name = Debug;
		};
		329F00501AA81B180089C0E2 /* Release */ = {
			isa = XCBuildConfiguration;
			baseConfigurationReference = 4ECDD04D533F5A98F8FDB7F6 /* Pods.release.xcconfig */;
			buildSettings = {
				ASSETCATALOG_COMPILER_APPICON_NAME = AppIcon;
				FRAMEWORK_SEARCH_PATHS = (
					"$(inherited)",
					"$(PROJECT_DIR)/WebP-UIImage",
				);
				INFOPLIST_FILE = Inneract/Info.plist;
				LD_RUNPATH_SEARCH_PATHS = "$(inherited) @executable_path/Frameworks";
				PRODUCT_NAME = "$(TARGET_NAME)";
				USER_HEADER_SEARCH_PATHS = "\"${PROJECT_DIR}/Pods\"/**";
			};
			name = Release;
		};
		329F00521AA81B180089C0E2 /* Debug */ = {
			isa = XCBuildConfiguration;
			buildSettings = {
				BUNDLE_LOADER = "$(TEST_HOST)";
				FRAMEWORK_SEARCH_PATHS = (
					"$(SDKROOT)/Developer/Library/Frameworks",
					"$(inherited)",
				);
				GCC_PREPROCESSOR_DEFINITIONS = (
					"DEBUG=1",
					"$(inherited)",
				);
				INFOPLIST_FILE = InneractTests/Info.plist;
				LD_RUNPATH_SEARCH_PATHS = "$(inherited) @executable_path/Frameworks @loader_path/Frameworks";
				PRODUCT_NAME = "$(TARGET_NAME)";
				TEST_HOST = "$(BUILT_PRODUCTS_DIR)/Inneract.app/Inneract";
			};
			name = Debug;
		};
		329F00531AA81B180089C0E2 /* Release */ = {
			isa = XCBuildConfiguration;
			buildSettings = {
				BUNDLE_LOADER = "$(TEST_HOST)";
				FRAMEWORK_SEARCH_PATHS = (
					"$(SDKROOT)/Developer/Library/Frameworks",
					"$(inherited)",
				);
				INFOPLIST_FILE = InneractTests/Info.plist;
				LD_RUNPATH_SEARCH_PATHS = "$(inherited) @executable_path/Frameworks @loader_path/Frameworks";
				PRODUCT_NAME = "$(TARGET_NAME)";
				TEST_HOST = "$(BUILT_PRODUCTS_DIR)/Inneract.app/Inneract";
			};
			name = Release;
		};
/* End XCBuildConfiguration section */

/* Begin XCConfigurationList section */
		329F00261AA81B180089C0E2 /* Build configuration list for PBXProject "Inneract" */ = {
			isa = XCConfigurationList;
			buildConfigurations = (
				329F004C1AA81B180089C0E2 /* Debug */,
				329F004D1AA81B180089C0E2 /* Release */,
			);
			defaultConfigurationIsVisible = 0;
			defaultConfigurationName = Release;
		};
		329F004E1AA81B180089C0E2 /* Build configuration list for PBXNativeTarget "Inneract" */ = {
			isa = XCConfigurationList;
			buildConfigurations = (
				329F004F1AA81B180089C0E2 /* Debug */,
				329F00501AA81B180089C0E2 /* Release */,
			);
			defaultConfigurationIsVisible = 0;
			defaultConfigurationName = Release;
		};
		329F00511AA81B180089C0E2 /* Build configuration list for PBXNativeTarget "InneractTests" */ = {
			isa = XCConfigurationList;
			buildConfigurations = (
				329F00521AA81B180089C0E2 /* Debug */,
				329F00531AA81B180089C0E2 /* Release */,
			);
			defaultConfigurationIsVisible = 0;
			defaultConfigurationName = Release;
		};
/* End XCConfigurationList section */
	};
	rootObject = 329F00231AA81B180089C0E2 /* Project object */;
}
