// !$*UTF8*$!
{
	archiveVersion = 1;
	classes = {
	};
	objectVersion = 46;
	objects = {

/* Begin PBXBuildFile section */
		329F00311AA81B180089C0E2 /* main.m in Sources */ = {isa = PBXBuildFile; fileRef = 329F00301AA81B180089C0E2 /* main.m */; };
		329F00341AA81B180089C0E2 /* AppDelegate.m in Sources */ = {isa = PBXBuildFile; fileRef = 329F00331AA81B180089C0E2 /* AppDelegate.m */; };
		329F003C1AA81B180089C0E2 /* Images.xcassets in Resources */ = {isa = PBXBuildFile; fileRef = 329F003B1AA81B180089C0E2 /* Images.xcassets */; };
		329F003F1AA81B180089C0E2 /* LaunchScreen.xib in Resources */ = {isa = PBXBuildFile; fileRef = 329F003D1AA81B180089C0E2 /* LaunchScreen.xib */; };
		329F004B1AA81B180089C0E2 /* InneractTests.m in Sources */ = {isa = PBXBuildFile; fileRef = 329F004A1AA81B180089C0E2 /* InneractTests.m */; };
		329F00571AA81D930089C0E2 /* FeedsViewController.m in Sources */ = {isa = PBXBuildFile; fileRef = 329F00551AA81D930089C0E2 /* FeedsViewController.m */; };
		329F00581AA81D930089C0E2 /* FeedsViewController.xib in Resources */ = {isa = PBXBuildFile; fileRef = 329F00561AA81D930089C0E2 /* FeedsViewController.xib */; };
		329F005C1AA81E550089C0E2 /* ProfilesViewController.m in Sources */ = {isa = PBXBuildFile; fileRef = 329F005A1AA81E550089C0E2 /* ProfilesViewController.m */; };
		329F005D1AA81E550089C0E2 /* ProfilesViewController.xib in Resources */ = {isa = PBXBuildFile; fileRef = 329F005B1AA81E550089C0E2 /* ProfilesViewController.xib */; };
		329F00611AA81E740089C0E2 /* FeedDetailsViewController.m in Sources */ = {isa = PBXBuildFile; fileRef = 329F005F1AA81E740089C0E2 /* FeedDetailsViewController.m */; };
		329F00621AA81E740089C0E2 /* FeedDetailsViewController.xib in Resources */ = {isa = PBXBuildFile; fileRef = 329F00601AA81E740089C0E2 /* FeedDetailsViewController.xib */; };
		329F00661AA81EC90089C0E2 /* LandingViewController.m in Sources */ = {isa = PBXBuildFile; fileRef = 329F00641AA81EC90089C0E2 /* LandingViewController.m */; };
		329F00671AA81EC90089C0E2 /* LandingViewController.xib in Resources */ = {isa = PBXBuildFile; fileRef = 329F00651AA81EC90089C0E2 /* LandingViewController.xib */; };
		329F006B1AA81ED90089C0E2 /* ProfileDetailsViewController.m in Sources */ = {isa = PBXBuildFile; fileRef = 329F00691AA81ED90089C0E2 /* ProfileDetailsViewController.m */; };
		329F006C1AA81ED90089C0E2 /* ProfileDetailsViewController.xib in Resources */ = {isa = PBXBuildFile; fileRef = 329F006A1AA81ED90089C0E2 /* ProfileDetailsViewController.xib */; };
		329F00701AA81EE80089C0E2 /* LoginViewController.m in Sources */ = {isa = PBXBuildFile; fileRef = 329F006E1AA81EE80089C0E2 /* LoginViewController.m */; };
		329F00711AA81EE80089C0E2 /* LoginViewController.xib in Resources */ = {isa = PBXBuildFile; fileRef = 329F006F1AA81EE80089C0E2 /* LoginViewController.xib */; };
		329F00751AA81F0F0089C0E2 /* JoinUsViewController.m in Sources */ = {isa = PBXBuildFile; fileRef = 329F00731AA81F0F0089C0E2 /* JoinUsViewController.m */; };
		329F00761AA81F0F0089C0E2 /* JoinUsViewController.xib in Resources */ = {isa = PBXBuildFile; fileRef = 329F00741AA81F0F0089C0E2 /* JoinUsViewController.xib */; };
		329F007F1AA820300089C0E2 /* RegisterClassViewController.m in Sources */ = {isa = PBXBuildFile; fileRef = 329F007D1AA820300089C0E2 /* RegisterClassViewController.m */; };
		329F00801AA820300089C0E2 /* RegisterClassViewController.xib in Resources */ = {isa = PBXBuildFile; fileRef = 329F007E1AA820300089C0E2 /* RegisterClassViewController.xib */; };
		329F00841AA820650089C0E2 /* LearningLabViewController.m in Sources */ = {isa = PBXBuildFile; fileRef = 329F00821AA820650089C0E2 /* LearningLabViewController.m */; };
		329F00851AA820650089C0E2 /* LearningLabViewController.xib in Resources */ = {isa = PBXBuildFile; fileRef = 329F00831AA820650089C0E2 /* LearningLabViewController.xib */; };
		329F00891AA8207F0089C0E2 /* TeachOrTAViewController.m in Sources */ = {isa = PBXBuildFile; fileRef = 329F00871AA8207F0089C0E2 /* TeachOrTAViewController.m */; };
		329F008A1AA8207F0089C0E2 /* TeachOrTAViewController.xib in Resources */ = {isa = PBXBuildFile; fileRef = 329F00881AA8207F0089C0E2 /* TeachOrTAViewController.xib */; };
		329F008E1AA8DC3C0089C0E2 /* EditProfileViewController.m in Sources */ = {isa = PBXBuildFile; fileRef = 329F008C1AA8DC3C0089C0E2 /* EditProfileViewController.m */; };
		329F008F1AA8DC3C0089C0E2 /* EditProfileViewController.xib in Resources */ = {isa = PBXBuildFile; fileRef = 329F008D1AA8DC3C0089C0E2 /* EditProfileViewController.xib */; };
/* End PBXBuildFile section */

/* Begin PBXContainerItemProxy section */
		329F00451AA81B180089C0E2 /* PBXContainerItemProxy */ = {
			isa = PBXContainerItemProxy;
			containerPortal = 329F00231AA81B180089C0E2 /* Project object */;
			proxyType = 1;
			remoteGlobalIDString = 329F002A1AA81B180089C0E2;
			remoteInfo = Inneract;
		};
/* End PBXContainerItemProxy section */

/* Begin PBXFileReference section */
		329F002B1AA81B180089C0E2 /* Inneract.app */ = {isa = PBXFileReference; explicitFileType = wrapper.application; includeInIndex = 0; path = Inneract.app; sourceTree = BUILT_PRODUCTS_DIR; };
		329F002F1AA81B180089C0E2 /* Info.plist */ = {isa = PBXFileReference; lastKnownFileType = text.plist.xml; path = Info.plist; sourceTree = "<group>"; };
		329F00301AA81B180089C0E2 /* main.m */ = {isa = PBXFileReference; lastKnownFileType = sourcecode.c.objc; path = main.m; sourceTree = "<group>"; };
		329F00321AA81B180089C0E2 /* AppDelegate.h */ = {isa = PBXFileReference; lastKnownFileType = sourcecode.c.h; path = AppDelegate.h; sourceTree = "<group>"; };
		329F00331AA81B180089C0E2 /* AppDelegate.m */ = {isa = PBXFileReference; lastKnownFileType = sourcecode.c.objc; path = AppDelegate.m; sourceTree = "<group>"; };
		329F003B1AA81B180089C0E2 /* Images.xcassets */ = {isa = PBXFileReference; lastKnownFileType = folder.assetcatalog; path = Images.xcassets; sourceTree = "<group>"; };
		329F003E1AA81B180089C0E2 /* Base */ = {isa = PBXFileReference; lastKnownFileType = file.xib; name = Base; path = Base.lproj/LaunchScreen.xib; sourceTree = "<group>"; };
		329F00441AA81B180089C0E2 /* InneractTests.xctest */ = {isa = PBXFileReference; explicitFileType = wrapper.cfbundle; includeInIndex = 0; path = InneractTests.xctest; sourceTree = BUILT_PRODUCTS_DIR; };
		329F00491AA81B180089C0E2 /* Info.plist */ = {isa = PBXFileReference; lastKnownFileType = text.plist.xml; path = Info.plist; sourceTree = "<group>"; };
		329F004A1AA81B180089C0E2 /* InneractTests.m */ = {isa = PBXFileReference; lastKnownFileType = sourcecode.c.objc; path = InneractTests.m; sourceTree = "<group>"; };
		329F00541AA81D930089C0E2 /* FeedsViewController.h */ = {isa = PBXFileReference; fileEncoding = 4; lastKnownFileType = sourcecode.c.h; path = FeedsViewController.h; sourceTree = "<group>"; };
		329F00551AA81D930089C0E2 /* FeedsViewController.m */ = {isa = PBXFileReference; fileEncoding = 4; lastKnownFileType = sourcecode.c.objc; path = FeedsViewController.m; sourceTree = "<group>"; };
		329F00561AA81D930089C0E2 /* FeedsViewController.xib */ = {isa = PBXFileReference; fileEncoding = 4; lastKnownFileType = file.xib; path = FeedsViewController.xib; sourceTree = "<group>"; };
		329F00591AA81E550089C0E2 /* ProfilesViewController.h */ = {isa = PBXFileReference; fileEncoding = 4; lastKnownFileType = sourcecode.c.h; path = ProfilesViewController.h; sourceTree = "<group>"; };
		329F005A1AA81E550089C0E2 /* ProfilesViewController.m */ = {isa = PBXFileReference; fileEncoding = 4; lastKnownFileType = sourcecode.c.objc; path = ProfilesViewController.m; sourceTree = "<group>"; };
		329F005B1AA81E550089C0E2 /* ProfilesViewController.xib */ = {isa = PBXFileReference; fileEncoding = 4; lastKnownFileType = file.xib; path = ProfilesViewController.xib; sourceTree = "<group>"; };
		329F005E1AA81E740089C0E2 /* FeedDetailsViewController.h */ = {isa = PBXFileReference; fileEncoding = 4; lastKnownFileType = sourcecode.c.h; path = FeedDetailsViewController.h; sourceTree = "<group>"; };
		329F005F1AA81E740089C0E2 /* FeedDetailsViewController.m */ = {isa = PBXFileReference; fileEncoding = 4; lastKnownFileType = sourcecode.c.objc; path = FeedDetailsViewController.m; sourceTree = "<group>"; };
		329F00601AA81E740089C0E2 /* FeedDetailsViewController.xib */ = {isa = PBXFileReference; fileEncoding = 4; lastKnownFileType = file.xib; path = FeedDetailsViewController.xib; sourceTree = "<group>"; };
		329F00631AA81EC90089C0E2 /* LandingViewController.h */ = {isa = PBXFileReference; fileEncoding = 4; lastKnownFileType = sourcecode.c.h; path = LandingViewController.h; sourceTree = "<group>"; };
		329F00641AA81EC90089C0E2 /* LandingViewController.m */ = {isa = PBXFileReference; fileEncoding = 4; lastKnownFileType = sourcecode.c.objc; path = LandingViewController.m; sourceTree = "<group>"; };
		329F00651AA81EC90089C0E2 /* LandingViewController.xib */ = {isa = PBXFileReference; fileEncoding = 4; lastKnownFileType = file.xib; path = LandingViewController.xib; sourceTree = "<group>"; };
		329F00681AA81ED90089C0E2 /* ProfileDetailsViewController.h */ = {isa = PBXFileReference; fileEncoding = 4; lastKnownFileType = sourcecode.c.h; path = ProfileDetailsViewController.h; sourceTree = "<group>"; };
		329F00691AA81ED90089C0E2 /* ProfileDetailsViewController.m */ = {isa = PBXFileReference; fileEncoding = 4; lastKnownFileType = sourcecode.c.objc; path = ProfileDetailsViewController.m; sourceTree = "<group>"; };
		329F006A1AA81ED90089C0E2 /* ProfileDetailsViewController.xib */ = {isa = PBXFileReference; fileEncoding = 4; lastKnownFileType = file.xib; path = ProfileDetailsViewController.xib; sourceTree = "<group>"; };
		329F006D1AA81EE80089C0E2 /* LoginViewController.h */ = {isa = PBXFileReference; fileEncoding = 4; lastKnownFileType = sourcecode.c.h; path = LoginViewController.h; sourceTree = "<group>"; };
		329F006E1AA81EE80089C0E2 /* LoginViewController.m */ = {isa = PBXFileReference; fileEncoding = 4; lastKnownFileType = sourcecode.c.objc; path = LoginViewController.m; sourceTree = "<group>"; };
		329F006F1AA81EE80089C0E2 /* LoginViewController.xib */ = {isa = PBXFileReference; fileEncoding = 4; lastKnownFileType = file.xib; path = LoginViewController.xib; sourceTree = "<group>"; };
		329F00721AA81F0F0089C0E2 /* JoinUsViewController.h */ = {isa = PBXFileReference; fileEncoding = 4; lastKnownFileType = sourcecode.c.h; path = JoinUsViewController.h; sourceTree = "<group>"; };
		329F00731AA81F0F0089C0E2 /* JoinUsViewController.m */ = {isa = PBXFileReference; fileEncoding = 4; lastKnownFileType = sourcecode.c.objc; path = JoinUsViewController.m; sourceTree = "<group>"; };
		329F00741AA81F0F0089C0E2 /* JoinUsViewController.xib */ = {isa = PBXFileReference; fileEncoding = 4; lastKnownFileType = file.xib; path = JoinUsViewController.xib; sourceTree = "<group>"; };
		329F007C1AA820300089C0E2 /* RegisterClassViewController.h */ = {isa = PBXFileReference; fileEncoding = 4; lastKnownFileType = sourcecode.c.h; path = RegisterClassViewController.h; sourceTree = "<group>"; };
		329F007D1AA820300089C0E2 /* RegisterClassViewController.m */ = {isa = PBXFileReference; fileEncoding = 4; lastKnownFileType = sourcecode.c.objc; path = RegisterClassViewController.m; sourceTree = "<group>"; };
		329F007E1AA820300089C0E2 /* RegisterClassViewController.xib */ = {isa = PBXFileReference; fileEncoding = 4; lastKnownFileType = file.xib; path = RegisterClassViewController.xib; sourceTree = "<group>"; };
		329F00811AA820650089C0E2 /* LearningLabViewController.h */ = {isa = PBXFileReference; fileEncoding = 4; lastKnownFileType = sourcecode.c.h; path = LearningLabViewController.h; sourceTree = "<group>"; };
		329F00821AA820650089C0E2 /* LearningLabViewController.m */ = {isa = PBXFileReference; fileEncoding = 4; lastKnownFileType = sourcecode.c.objc; path = LearningLabViewController.m; sourceTree = "<group>"; };
		329F00831AA820650089C0E2 /* LearningLabViewController.xib */ = {isa = PBXFileReference; fileEncoding = 4; lastKnownFileType = file.xib; path = LearningLabViewController.xib; sourceTree = "<group>"; };
		329F00861AA8207F0089C0E2 /* TeachOrTAViewController.h */ = {isa = PBXFileReference; fileEncoding = 4; lastKnownFileType = sourcecode.c.h; path = TeachOrTAViewController.h; sourceTree = "<group>"; };
		329F00871AA8207F0089C0E2 /* TeachOrTAViewController.m */ = {isa = PBXFileReference; fileEncoding = 4; lastKnownFileType = sourcecode.c.objc; path = TeachOrTAViewController.m; sourceTree = "<group>"; };
		329F00881AA8207F0089C0E2 /* TeachOrTAViewController.xib */ = {isa = PBXFileReference; fileEncoding = 4; lastKnownFileType = file.xib; path = TeachOrTAViewController.xib; sourceTree = "<group>"; };
		329F008B1AA8DC3C0089C0E2 /* EditProfileViewController.h */ = {isa = PBXFileReference; fileEncoding = 4; lastKnownFileType = sourcecode.c.h; path = EditProfileViewController.h; sourceTree = "<group>"; };
		329F008C1AA8DC3C0089C0E2 /* EditProfileViewController.m */ = {isa = PBXFileReference; fileEncoding = 4; lastKnownFileType = sourcecode.c.objc; path = EditProfileViewController.m; sourceTree = "<group>"; };
		329F008D1AA8DC3C0089C0E2 /* EditProfileViewController.xib */ = {isa = PBXFileReference; fileEncoding = 4; lastKnownFileType = file.xib; path = EditProfileViewController.xib; sourceTree = "<group>"; };
/* End PBXFileReference section */

/* Begin PBXFrameworksBuildPhase section */
		329F00281AA81B180089C0E2 /* Frameworks */ = {
			isa = PBXFrameworksBuildPhase;
			buildActionMask = 2147483647;
			files = (
			);
			runOnlyForDeploymentPostprocessing = 0;
		};
		329F00411AA81B180089C0E2 /* Frameworks */ = {
			isa = PBXFrameworksBuildPhase;
			buildActionMask = 2147483647;
			files = (
			);
			runOnlyForDeploymentPostprocessing = 0;
		};
/* End PBXFrameworksBuildPhase section */

/* Begin PBXGroup section */
		329F00221AA81B180089C0E2 = {
			isa = PBXGroup;
			children = (
				329F002D1AA81B180089C0E2 /* Inneract */,
				329F00471AA81B180089C0E2 /* InneractTests */,
				329F002C1AA81B180089C0E2 /* Products */,
			);
			sourceTree = "<group>";
		};
		329F002C1AA81B180089C0E2 /* Products */ = {
			isa = PBXGroup;
			children = (
				329F002B1AA81B180089C0E2 /* Inneract.app */,
				329F00441AA81B180089C0E2 /* InneractTests.xctest */,
			);
			name = Products;
			sourceTree = "<group>";
		};
		329F002D1AA81B180089C0E2 /* Inneract */ = {
			isa = PBXGroup;
			children = (
				329F007B1AA8200A0089C0E2 /* Forms */,
				329F007A1AA81FE50089C0E2 /* Landing */,
				329F00791AA81FD40089C0E2 /* Profiles */,
				329F00781AA81FBA0089C0E2 /* Feeds */,
				329F00771AA81F950089C0E2 /* User */,
				329F00321AA81B180089C0E2 /* AppDelegate.h */,
				329F00331AA81B180089C0E2 /* AppDelegate.m */,
				329F003B1AA81B180089C0E2 /* Images.xcassets */,
				329F003D1AA81B180089C0E2 /* LaunchScreen.xib */,
				329F002E1AA81B180089C0E2 /* Supporting Files */,
			);
			path = Inneract;
			sourceTree = "<group>";
		};
		329F002E1AA81B180089C0E2 /* Supporting Files */ = {
			isa = PBXGroup;
			children = (
				329F002F1AA81B180089C0E2 /* Info.plist */,
				329F00301AA81B180089C0E2 /* main.m */,
			);
			name = "Supporting Files";
			sourceTree = "<group>";
		};
		329F00471AA81B180089C0E2 /* InneractTests */ = {
			isa = PBXGroup;
			children = (
				329F004A1AA81B180089C0E2 /* InneractTests.m */,
				329F00481AA81B180089C0E2 /* Supporting Files */,
			);
			path = InneractTests;
			sourceTree = "<group>";
		};
		329F00481AA81B180089C0E2 /* Supporting Files */ = {
			isa = PBXGroup;
			children = (
				329F00491AA81B180089C0E2 /* Info.plist */,
			);
			name = "Supporting Files";
			sourceTree = "<group>";
		};
		329F00771AA81F950089C0E2 /* User */ = {
			isa = PBXGroup;
			children = (
				329F006D1AA81EE80089C0E2 /* LoginViewController.h */,
				329F006E1AA81EE80089C0E2 /* LoginViewController.m */,
				329F006F1AA81EE80089C0E2 /* LoginViewController.xib */,
				329F00721AA81F0F0089C0E2 /* JoinUsViewController.h */,
				329F00731AA81F0F0089C0E2 /* JoinUsViewController.m */,
				329F00741AA81F0F0089C0E2 /* JoinUsViewController.xib */,
			);
			name = User;
			sourceTree = "<group>";
		};
		329F00781AA81FBA0089C0E2 /* Feeds */ = {
			isa = PBXGroup;
			children = (
				329F005E1AA81E740089C0E2 /* FeedDetailsViewController.h */,
				329F005F1AA81E740089C0E2 /* FeedDetailsViewController.m */,
				329F00601AA81E740089C0E2 /* FeedDetailsViewController.xib */,
				329F00541AA81D930089C0E2 /* FeedsViewController.h */,
				329F00551AA81D930089C0E2 /* FeedsViewController.m */,
				329F00561AA81D930089C0E2 /* FeedsViewController.xib */,
			);
			name = Feeds;
			sourceTree = "<group>";
		};
		329F00791AA81FD40089C0E2 /* Profiles */ = {
			isa = PBXGroup;
			children = (
				329F00681AA81ED90089C0E2 /* ProfileDetailsViewController.h */,
				329F00691AA81ED90089C0E2 /* ProfileDetailsViewController.m */,
				329F006A1AA81ED90089C0E2 /* ProfileDetailsViewController.xib */,
				329F00591AA81E550089C0E2 /* ProfilesViewController.h */,
				329F005A1AA81E550089C0E2 /* ProfilesViewController.m */,
				329F005B1AA81E550089C0E2 /* ProfilesViewController.xib */,
				329F008B1AA8DC3C0089C0E2 /* EditProfileViewController.h */,
				329F008C1AA8DC3C0089C0E2 /* EditProfileViewController.m */,
				329F008D1AA8DC3C0089C0E2 /* EditProfileViewController.xib */,
			);
			name = Profiles;
			sourceTree = "<group>";
		};
		329F007A1AA81FE50089C0E2 /* Landing */ = {
			isa = PBXGroup;
			children = (
				329F00631AA81EC90089C0E2 /* LandingViewController.h */,
				329F00641AA81EC90089C0E2 /* LandingViewController.m */,
				329F00651AA81EC90089C0E2 /* LandingViewController.xib */,
			);
			name = Landing;
			sourceTree = "<group>";
		};
		329F007B1AA8200A0089C0E2 /* Forms */ = {
			isa = PBXGroup;
			children = (
				329F007C1AA820300089C0E2 /* RegisterClassViewController.h */,
				329F007D1AA820300089C0E2 /* RegisterClassViewController.m */,
				329F007E1AA820300089C0E2 /* RegisterClassViewController.xib */,
				329F00811AA820650089C0E2 /* LearningLabViewController.h */,
				329F00821AA820650089C0E2 /* LearningLabViewController.m */,
				329F00831AA820650089C0E2 /* LearningLabViewController.xib */,
				329F00861AA8207F0089C0E2 /* TeachOrTAViewController.h */,
				329F00871AA8207F0089C0E2 /* TeachOrTAViewController.m */,
				329F00881AA8207F0089C0E2 /* TeachOrTAViewController.xib */,
			);
			name = Forms;
			sourceTree = "<group>";
		};
/* End PBXGroup section */

/* Begin PBXNativeTarget section */
		329F002A1AA81B180089C0E2 /* Inneract */ = {
			isa = PBXNativeTarget;
			buildConfigurationList = 329F004E1AA81B180089C0E2 /* Build configuration list for PBXNativeTarget "Inneract" */;
			buildPhases = (
				329F00271AA81B180089C0E2 /* Sources */,
				329F00281AA81B180089C0E2 /* Frameworks */,
				329F00291AA81B180089C0E2 /* Resources */,
			);
			buildRules = (
			);
			dependencies = (
			);
			name = Inneract;
			productName = Inneract;
			productReference = 329F002B1AA81B180089C0E2 /* Inneract.app */;
			productType = "com.apple.product-type.application";
		};
		329F00431AA81B180089C0E2 /* InneractTests */ = {
			isa = PBXNativeTarget;
			buildConfigurationList = 329F00511AA81B180089C0E2 /* Build configuration list for PBXNativeTarget "InneractTests" */;
			buildPhases = (
				329F00401AA81B180089C0E2 /* Sources */,
				329F00411AA81B180089C0E2 /* Frameworks */,
				329F00421AA81B180089C0E2 /* Resources */,
			);
			buildRules = (
			);
			dependencies = (
				329F00461AA81B180089C0E2 /* PBXTargetDependency */,
			);
			name = InneractTests;
			productName = InneractTests;
			productReference = 329F00441AA81B180089C0E2 /* InneractTests.xctest */;
			productType = "com.apple.product-type.bundle.unit-test";
		};
/* End PBXNativeTarget section */

/* Begin PBXProject section */
		329F00231AA81B180089C0E2 /* Project object */ = {
			isa = PBXProject;
			attributes = {
				LastUpgradeCheck = 0610;
				ORGANIZATIONNAME = "Emmanuel Texier";
				TargetAttributes = {
					329F002A1AA81B180089C0E2 = {
						CreatedOnToolsVersion = 6.1.1;
					};
					329F00431AA81B180089C0E2 = {
						CreatedOnToolsVersion = 6.1.1;
						TestTargetID = 329F002A1AA81B180089C0E2;
					};
				};
			};
			buildConfigurationList = 329F00261AA81B180089C0E2 /* Build configuration list for PBXProject "Inneract" */;
			compatibilityVersion = "Xcode 3.2";
			developmentRegion = English;
			hasScannedForEncodings = 0;
			knownRegions = (
				en,
				Base,
			);
			mainGroup = 329F00221AA81B180089C0E2;
			productRefGroup = 329F002C1AA81B180089C0E2 /* Products */;
			projectDirPath = "";
			projectRoot = "";
			targets = (
				329F002A1AA81B180089C0E2 /* Inneract */,
				329F00431AA81B180089C0E2 /* InneractTests */,
			);
		};
/* End PBXProject section */

/* Begin PBXResourcesBuildPhase section */
		329F00291AA81B180089C0E2 /* Resources */ = {
			isa = PBXResourcesBuildPhase;
			buildActionMask = 2147483647;
			files = (
				329F00711AA81EE80089C0E2 /* LoginViewController.xib in Resources */,
				329F008F1AA8DC3C0089C0E2 /* EditProfileViewController.xib in Resources */,
				329F00761AA81F0F0089C0E2 /* JoinUsViewController.xib in Resources */,
				329F008A1AA8207F0089C0E2 /* TeachOrTAViewController.xib in Resources */,
				329F00671AA81EC90089C0E2 /* LandingViewController.xib in Resources */,
				329F003F1AA81B180089C0E2 /* LaunchScreen.xib in Resources */,
				329F00801AA820300089C0E2 /* RegisterClassViewController.xib in Resources */,
				329F006C1AA81ED90089C0E2 /* ProfileDetailsViewController.xib in Resources */,
				329F00621AA81E740089C0E2 /* FeedDetailsViewController.xib in Resources */,
				329F00581AA81D930089C0E2 /* FeedsViewController.xib in Resources */,
				329F005D1AA81E550089C0E2 /* ProfilesViewController.xib in Resources */,
				329F00851AA820650089C0E2 /* LearningLabViewController.xib in Resources */,
				329F003C1AA81B180089C0E2 /* Images.xcassets in Resources */,
			);
			runOnlyForDeploymentPostprocessing = 0;
		};
		329F00421AA81B180089C0E2 /* Resources */ = {
			isa = PBXResourcesBuildPhase;
			buildActionMask = 2147483647;
			files = (
			);
			runOnlyForDeploymentPostprocessing = 0;
		};
/* End PBXResourcesBuildPhase section */

/* Begin PBXSourcesBuildPhase section */
		329F00271AA81B180089C0E2 /* Sources */ = {
			isa = PBXSourcesBuildPhase;
			buildActionMask = 2147483647;
			files = (
				329F00701AA81EE80089C0E2 /* LoginViewController.m in Sources */,
				329F00751AA81F0F0089C0E2 /* JoinUsViewController.m in Sources */,
				329F00341AA81B180089C0E2 /* AppDelegate.m in Sources */,
				329F00311AA81B180089C0E2 /* main.m in Sources */,
				329F005C1AA81E550089C0E2 /* ProfilesViewController.m in Sources */,
				329F006B1AA81ED90089C0E2 /* ProfileDetailsViewController.m in Sources */,
				329F00571AA81D930089C0E2 /* FeedsViewController.m in Sources */,
				329F00661AA81EC90089C0E2 /* LandingViewController.m in Sources */,
				329F008E1AA8DC3C0089C0E2 /* EditProfileViewController.m in Sources */,
				329F007F1AA820300089C0E2 /* RegisterClassViewController.m in Sources */,
				329F00841AA820650089C0E2 /* LearningLabViewController.m in Sources */,
				329F00891AA8207F0089C0E2 /* TeachOrTAViewController.m in Sources */,
				329F00611AA81E740089C0E2 /* FeedDetailsViewController.m in Sources */,
			);
			runOnlyForDeploymentPostprocessing = 0;
		};
		329F00401AA81B180089C0E2 /* Sources */ = {
			isa = PBXSourcesBuildPhase;
			buildActionMask = 2147483647;
			files = (
				329F004B1AA81B180089C0E2 /* InneractTests.m in Sources */,
			);
			runOnlyForDeploymentPostprocessing = 0;
		};
/* End PBXSourcesBuildPhase section */

/* Begin PBXTargetDependency section */
		329F00461AA81B180089C0E2 /* PBXTargetDependency */ = {
			isa = PBXTargetDependency;
			target = 329F002A1AA81B180089C0E2 /* Inneract */;
			targetProxy = 329F00451AA81B180089C0E2 /* PBXContainerItemProxy */;
		};
/* End PBXTargetDependency section */

/* Begin PBXVariantGroup section */
		329F003D1AA81B180089C0E2 /* LaunchScreen.xib */ = {
			isa = PBXVariantGroup;
			children = (
				329F003E1AA81B180089C0E2 /* Base */,
			);
			name = LaunchScreen.xib;
			sourceTree = "<group>";
		};
/* End PBXVariantGroup section */

/* Begin XCBuildConfiguration section */
		329F004C1AA81B180089C0E2 /* Debug */ = {
			isa = XCBuildConfiguration;
			buildSettings = {
				ALWAYS_SEARCH_USER_PATHS = NO;
				CLANG_CXX_LANGUAGE_STANDARD = "gnu++0x";
				CLANG_CXX_LIBRARY = "libc++";
				CLANG_ENABLE_MODULES = YES;
				CLANG_ENABLE_OBJC_ARC = YES;
				CLANG_WARN_BOOL_CONVERSION = YES;
				CLANG_WARN_CONSTANT_CONVERSION = YES;
				CLANG_WARN_DIRECT_OBJC_ISA_USAGE = YES_ERROR;
				CLANG_WARN_EMPTY_BODY = YES;
				CLANG_WARN_ENUM_CONVERSION = YES;
				CLANG_WARN_INT_CONVERSION = YES;
				CLANG_WARN_OBJC_ROOT_CLASS = YES_ERROR;
				CLANG_WARN_UNREACHABLE_CODE = YES;
				CLANG_WARN__DUPLICATE_METHOD_MATCH = YES;
				"CODE_SIGN_IDENTITY[sdk=iphoneos*]" = "iPhone Developer";
				COPY_PHASE_STRIP = NO;
				ENABLE_STRICT_OBJC_MSGSEND = YES;
				GCC_C_LANGUAGE_STANDARD = gnu99;
				GCC_DYNAMIC_NO_PIC = NO;
				GCC_OPTIMIZATION_LEVEL = 0;
				GCC_PREPROCESSOR_DEFINITIONS = (
					"DEBUG=1",
					"$(inherited)",
				);
				GCC_SYMBOLS_PRIVATE_EXTERN = NO;
				GCC_WARN_64_TO_32_BIT_CONVERSION = YES;
				GCC_WARN_ABOUT_RETURN_TYPE = YES_ERROR;
				GCC_WARN_UNDECLARED_SELECTOR = YES;
				GCC_WARN_UNINITIALIZED_AUTOS = YES_AGGRESSIVE;
				GCC_WARN_UNUSED_FUNCTION = YES;
				GCC_WARN_UNUSED_VARIABLE = YES;
				IPHONEOS_DEPLOYMENT_TARGET = 8.1;
				MTL_ENABLE_DEBUG_INFO = YES;
				ONLY_ACTIVE_ARCH = YES;
				SDKROOT = iphoneos;
				TARGETED_DEVICE_FAMILY = "1,2";
			};
			name = Debug;
		};
		329F004D1AA81B180089C0E2 /* Release */ = {
			isa = XCBuildConfiguration;
			buildSettings = {
				ALWAYS_SEARCH_USER_PATHS = NO;
				CLANG_CXX_LANGUAGE_STANDARD = "gnu++0x";
				CLANG_CXX_LIBRARY = "libc++";
				CLANG_ENABLE_MODULES = YES;
				CLANG_ENABLE_OBJC_ARC = YES;
				CLANG_WARN_BOOL_CONVERSION = YES;
				CLANG_WARN_CONSTANT_CONVERSION = YES;
				CLANG_WARN_DIRECT_OBJC_ISA_USAGE = YES_ERROR;
				CLANG_WARN_EMPTY_BODY = YES;
				CLANG_WARN_ENUM_CONVERSION = YES;
				CLANG_WARN_INT_CONVERSION = YES;
				CLANG_WARN_OBJC_ROOT_CLASS = YES_ERROR;
				CLANG_WARN_UNREACHABLE_CODE = YES;
				CLANG_WARN__DUPLICATE_METHOD_MATCH = YES;
				"CODE_SIGN_IDENTITY[sdk=iphoneos*]" = "iPhone Developer";
				COPY_PHASE_STRIP = YES;
				ENABLE_NS_ASSERTIONS = NO;
				ENABLE_STRICT_OBJC_MSGSEND = YES;
				GCC_C_LANGUAGE_STANDARD = gnu99;
				GCC_WARN_64_TO_32_BIT_CONVERSION = YES;
				GCC_WARN_ABOUT_RETURN_TYPE = YES_ERROR;
				GCC_WARN_UNDECLARED_SELECTOR = YES;
				GCC_WARN_UNINITIALIZED_AUTOS = YES_AGGRESSIVE;
				GCC_WARN_UNUSED_FUNCTION = YES;
				GCC_WARN_UNUSED_VARIABLE = YES;
				IPHONEOS_DEPLOYMENT_TARGET = 8.1;
				MTL_ENABLE_DEBUG_INFO = NO;
				SDKROOT = iphoneos;
				TARGETED_DEVICE_FAMILY = "1,2";
				VALIDATE_PRODUCT = YES;
			};
			name = Release;
		};
		329F004F1AA81B180089C0E2 /* Debug */ = {
			isa = XCBuildConfiguration;
			buildSettings = {
				ASSETCATALOG_COMPILER_APPICON_NAME = AppIcon;
				INFOPLIST_FILE = Inneract/Info.plist;
				LD_RUNPATH_SEARCH_PATHS = "$(inherited) @executable_path/Frameworks";
				PRODUCT_NAME = "$(TARGET_NAME)";
			};
			name = Debug;
		};
		329F00501AA81B180089C0E2 /* Release */ = {
			isa = XCBuildConfiguration;
			buildSettings = {
				ASSETCATALOG_COMPILER_APPICON_NAME = AppIcon;
				INFOPLIST_FILE = Inneract/Info.plist;
				LD_RUNPATH_SEARCH_PATHS = "$(inherited) @executable_path/Frameworks";
				PRODUCT_NAME = "$(TARGET_NAME)";
			};
			name = Release;
		};
		329F00521AA81B180089C0E2 /* Debug */ = {
			isa = XCBuildConfiguration;
			buildSettings = {
				BUNDLE_LOADER = "$(TEST_HOST)";
				FRAMEWORK_SEARCH_PATHS = (
					"$(SDKROOT)/Developer/Library/Frameworks",
					"$(inherited)",
				);
				GCC_PREPROCESSOR_DEFINITIONS = (
					"DEBUG=1",
					"$(inherited)",
				);
				INFOPLIST_FILE = InneractTests/Info.plist;
				LD_RUNPATH_SEARCH_PATHS = "$(inherited) @executable_path/Frameworks @loader_path/Frameworks";
				PRODUCT_NAME = "$(TARGET_NAME)";
				TEST_HOST = "$(BUILT_PRODUCTS_DIR)/Inneract.app/Inneract";
			};
			name = Debug;
		};
		329F00531AA81B180089C0E2 /* Release */ = {
			isa = XCBuildConfiguration;
			buildSettings = {
				BUNDLE_LOADER = "$(TEST_HOST)";
				FRAMEWORK_SEARCH_PATHS = (
					"$(SDKROOT)/Developer/Library/Frameworks",
					"$(inherited)",
				);
				INFOPLIST_FILE = InneractTests/Info.plist;
				LD_RUNPATH_SEARCH_PATHS = "$(inherited) @executable_path/Frameworks @loader_path/Frameworks";
				PRODUCT_NAME = "$(TARGET_NAME)";
				TEST_HOST = "$(BUILT_PRODUCTS_DIR)/Inneract.app/Inneract";
			};
			name = Release;
		};
/* End XCBuildConfiguration section */

/* Begin XCConfigurationList section */
		329F00261AA81B180089C0E2 /* Build configuration list for PBXProject "Inneract" */ = {
			isa = XCConfigurationList;
			buildConfigurations = (
				329F004C1AA81B180089C0E2 /* Debug */,
				329F004D1AA81B180089C0E2 /* Release */,
			);
			defaultConfigurationIsVisible = 0;
			defaultConfigurationName = Release;
		};
		329F004E1AA81B180089C0E2 /* Build configuration list for PBXNativeTarget "Inneract" */ = {
			isa = XCConfigurationList;
			buildConfigurations = (
				329F004F1AA81B180089C0E2 /* Debug */,
				329F00501AA81B180089C0E2 /* Release */,
			);
			defaultConfigurationIsVisible = 0;
		};
		329F00511AA81B180089C0E2 /* Build configuration list for PBXNativeTarget "InneractTests" */ = {
			isa = XCConfigurationList;
			buildConfigurations = (
				329F00521AA81B180089C0E2 /* Debug */,
				329F00531AA81B180089C0E2 /* Release */,
			);
			defaultConfigurationIsVisible = 0;
		};
/* End XCConfigurationList section */
	};
	rootObject = 329F00231AA81B180089C0E2 /* Project object */;
}
